// !$*UTF8*$!
{
	archiveVersion = 1;
	classes = {
	};
	objectVersion = 50;
	objects = {

/* Begin PBXBuildFile section */
		BC9CD3782546126700DE06AE /* AppDelegate.swift in Sources */ = {isa = PBXBuildFile; fileRef = BC9CD3772546126700DE06AE /* AppDelegate.swift */; };
		BC9CD37A2546126700DE06AE /* SceneDelegate.swift in Sources */ = {isa = PBXBuildFile; fileRef = BC9CD3792546126700DE06AE /* SceneDelegate.swift */; };
		BC9CD37C2546126700DE06AE /* ViewController.swift in Sources */ = {isa = PBXBuildFile; fileRef = BC9CD37B2546126700DE06AE /* ViewController.swift */; };
		BC9CD37F2546126700DE06AE /* Main.storyboard in Resources */ = {isa = PBXBuildFile; fileRef = BC9CD37D2546126700DE06AE /* Main.storyboard */; };
		BC9CD3812546126B00DE06AE /* Assets.xcassets in Resources */ = {isa = PBXBuildFile; fileRef = BC9CD3802546126B00DE06AE /* Assets.xcassets */; };
		BC9CD3842546126B00DE06AE /* LaunchScreen.storyboard in Resources */ = {isa = PBXBuildFile; fileRef = BC9CD3822546126B00DE06AE /* LaunchScreen.storyboard */; };
		BC9CD38F2546126C00DE06AE /* SimpleHttpClientTests.swift in Sources */ = {isa = PBXBuildFile; fileRef = BC9CD38E2546126C00DE06AE /* SimpleHttpClientTests.swift */; };
		BC9CD39A2546126C00DE06AE /* SimpleHttpClientUITests.swift in Sources */ = {isa = PBXBuildFile; fileRef = BC9CD3992546126C00DE06AE /* SimpleHttpClientUITests.swift */; };
		BC9CD3B62546180D00DE06AE /* RequestHandler.swift in Sources */ = {isa = PBXBuildFile; fileRef = BC9CD3B52546180D00DE06AE /* RequestHandler.swift */; };
		BC9CD3BF2546406600DE06AE /* Response.swift in Sources */ = {isa = PBXBuildFile; fileRef = BC9CD3BE2546406600DE06AE /* Response.swift */; };
		BC9CD63C25471DEB00DE06AE /* Message.swift in Sources */ = {isa = PBXBuildFile; fileRef = BC9CD63B25471DEB00DE06AE /* Message.swift */; };
		BC9CD64525471FC000DE06AE /* ApiResponse.swift in Sources */ = {isa = PBXBuildFile; fileRef = BC9CD64425471FC000DE06AE /* ApiResponse.swift */; };
/* End PBXBuildFile section */

/* Begin PBXContainerItemProxy section */
		BC9CD38B2546126C00DE06AE /* PBXContainerItemProxy */ = {
			isa = PBXContainerItemProxy;
			containerPortal = BC9CD36C2546126700DE06AE /* Project object */;
			proxyType = 1;
			remoteGlobalIDString = BC9CD3732546126700DE06AE;
			remoteInfo = SimpleHttpClient;
		};
		BC9CD3962546126C00DE06AE /* PBXContainerItemProxy */ = {
			isa = PBXContainerItemProxy;
			containerPortal = BC9CD36C2546126700DE06AE /* Project object */;
			proxyType = 1;
			remoteGlobalIDString = BC9CD3732546126700DE06AE;
			remoteInfo = SimpleHttpClient;
		};
/* End PBXContainerItemProxy section */

/* Begin PBXFileReference section */
		BC9CD3742546126700DE06AE /* SimpleHttpClient.app */ = {isa = PBXFileReference; explicitFileType = wrapper.application; includeInIndex = 0; path = SimpleHttpClient.app; sourceTree = BUILT_PRODUCTS_DIR; };
		BC9CD3772546126700DE06AE /* AppDelegate.swift */ = {isa = PBXFileReference; lastKnownFileType = sourcecode.swift; path = AppDelegate.swift; sourceTree = "<group>"; };
		BC9CD3792546126700DE06AE /* SceneDelegate.swift */ = {isa = PBXFileReference; lastKnownFileType = sourcecode.swift; path = SceneDelegate.swift; sourceTree = "<group>"; };
		BC9CD37B2546126700DE06AE /* ViewController.swift */ = {isa = PBXFileReference; lastKnownFileType = sourcecode.swift; path = ViewController.swift; sourceTree = "<group>"; };
		BC9CD37E2546126700DE06AE /* Base */ = {isa = PBXFileReference; lastKnownFileType = file.storyboard; name = Base; path = Base.lproj/Main.storyboard; sourceTree = "<group>"; };
		BC9CD3802546126B00DE06AE /* Assets.xcassets */ = {isa = PBXFileReference; lastKnownFileType = folder.assetcatalog; path = Assets.xcassets; sourceTree = "<group>"; };
		BC9CD3832546126B00DE06AE /* Base */ = {isa = PBXFileReference; lastKnownFileType = file.storyboard; name = Base; path = Base.lproj/LaunchScreen.storyboard; sourceTree = "<group>"; };
		BC9CD3852546126B00DE06AE /* Info.plist */ = {isa = PBXFileReference; lastKnownFileType = text.plist.xml; path = Info.plist; sourceTree = "<group>"; };
		BC9CD38A2546126C00DE06AE /* SimpleHttpClientTests.xctest */ = {isa = PBXFileReference; explicitFileType = wrapper.cfbundle; includeInIndex = 0; path = SimpleHttpClientTests.xctest; sourceTree = BUILT_PRODUCTS_DIR; };
		BC9CD38E2546126C00DE06AE /* SimpleHttpClientTests.swift */ = {isa = PBXFileReference; lastKnownFileType = sourcecode.swift; path = SimpleHttpClientTests.swift; sourceTree = "<group>"; };
		BC9CD3902546126C00DE06AE /* Info.plist */ = {isa = PBXFileReference; lastKnownFileType = text.plist.xml; path = Info.plist; sourceTree = "<group>"; };
		BC9CD3952546126C00DE06AE /* SimpleHttpClientUITests.xctest */ = {isa = PBXFileReference; explicitFileType = wrapper.cfbundle; includeInIndex = 0; path = SimpleHttpClientUITests.xctest; sourceTree = BUILT_PRODUCTS_DIR; };
		BC9CD3992546126C00DE06AE /* SimpleHttpClientUITests.swift */ = {isa = PBXFileReference; lastKnownFileType = sourcecode.swift; path = SimpleHttpClientUITests.swift; sourceTree = "<group>"; };
		BC9CD39B2546126C00DE06AE /* Info.plist */ = {isa = PBXFileReference; lastKnownFileType = text.plist.xml; path = Info.plist; sourceTree = "<group>"; };
		BC9CD3B52546180D00DE06AE /* RequestHandler.swift */ = {isa = PBXFileReference; lastKnownFileType = sourcecode.swift; path = RequestHandler.swift; sourceTree = "<group>"; };
		BC9CD3BE2546406600DE06AE /* Response.swift */ = {isa = PBXFileReference; lastKnownFileType = sourcecode.swift; path = Response.swift; sourceTree = "<group>"; };
		BC9CD63A25471DD800DE06AE /* README.md */ = {isa = PBXFileReference; lastKnownFileType = net.daringfireball.markdown; name = README.md; path = SimpleHttpClient/README.md; sourceTree = "<group>"; };
		BC9CD63B25471DEB00DE06AE /* Message.swift */ = {isa = PBXFileReference; fileEncoding = 4; lastKnownFileType = sourcecode.swift; path = Message.swift; sourceTree = "<group>"; };
		BC9CD64425471FC000DE06AE /* ApiResponse.swift */ = {isa = PBXFileReference; lastKnownFileType = sourcecode.swift; path = ApiResponse.swift; sourceTree = "<group>"; };
/* End PBXFileReference section */

/* Begin PBXFrameworksBuildPhase section */
		BC9CD3712546126700DE06AE /* Frameworks */ = {
			isa = PBXFrameworksBuildPhase;
			buildActionMask = 2147483647;
			files = (
			);
			runOnlyForDeploymentPostprocessing = 0;
		};
		BC9CD3872546126C00DE06AE /* Frameworks */ = {
			isa = PBXFrameworksBuildPhase;
			buildActionMask = 2147483647;
			files = (
			);
			runOnlyForDeploymentPostprocessing = 0;
		};
		BC9CD3922546126C00DE06AE /* Frameworks */ = {
			isa = PBXFrameworksBuildPhase;
			buildActionMask = 2147483647;
			files = (
			);
			runOnlyForDeploymentPostprocessing = 0;
		};
/* End PBXFrameworksBuildPhase section */

/* Begin PBXGroup section */
		BC9CD36B2546126700DE06AE = {
			isa = PBXGroup;
			children = (
				BC9CD63A25471DD800DE06AE /* README.md */,
				BC9CD3762546126700DE06AE /* SimpleHttpClient */,
				BC9CD38D2546126C00DE06AE /* SimpleHttpClientTests */,
				BC9CD3982546126C00DE06AE /* SimpleHttpClientUITests */,
				BC9CD3752546126700DE06AE /* Products */,
			);
			sourceTree = "<group>";
		};
		BC9CD3752546126700DE06AE /* Products */ = {
			isa = PBXGroup;
			children = (
				BC9CD3742546126700DE06AE /* SimpleHttpClient.app */,
				BC9CD38A2546126C00DE06AE /* SimpleHttpClientTests.xctest */,
				BC9CD3952546126C00DE06AE /* SimpleHttpClientUITests.xctest */,
			);
			name = Products;
			sourceTree = "<group>";
		};
		BC9CD3762546126700DE06AE /* SimpleHttpClient */ = {
			isa = PBXGroup;
			children = (
				BC9CD64325471F9D00DE06AE /* Protocols */,
				BC9CD3772546126700DE06AE /* AppDelegate.swift */,
				BC9CD3792546126700DE06AE /* SceneDelegate.swift */,
				BC9CD3AC254615AE00DE06AE /* Model */,
				BC9CD3AA2546157600DE06AE /* View */,
				BC9CD3AB2546159200DE06AE /* Controller */,
				BC9CD3802546126B00DE06AE /* Assets.xcassets */,
				BC9CD3822546126B00DE06AE /* LaunchScreen.storyboard */,
				BC9CD3852546126B00DE06AE /* Info.plist */,
			);
			path = SimpleHttpClient;
			sourceTree = "<group>";
		};
		BC9CD38D2546126C00DE06AE /* SimpleHttpClientTests */ = {
			isa = PBXGroup;
			children = (
				BC9CD38E2546126C00DE06AE /* SimpleHttpClientTests.swift */,
				BC9CD3902546126C00DE06AE /* Info.plist */,
			);
			path = SimpleHttpClientTests;
			sourceTree = "<group>";
		};
		BC9CD3982546126C00DE06AE /* SimpleHttpClientUITests */ = {
			isa = PBXGroup;
			children = (
				BC9CD3992546126C00DE06AE /* SimpleHttpClientUITests.swift */,
				BC9CD39B2546126C00DE06AE /* Info.plist */,
			);
			path = SimpleHttpClientUITests;
			sourceTree = "<group>";
		};
		BC9CD3AA2546157600DE06AE /* View */ = {
			isa = PBXGroup;
			children = (
				BC9CD37D2546126700DE06AE /* Main.storyboard */,
			);
			path = View;
			sourceTree = "<group>";
		};
		BC9CD3AB2546159200DE06AE /* Controller */ = {
			isa = PBXGroup;
			children = (
				BC9CD37B2546126700DE06AE /* ViewController.swift */,
			);
			path = Controller;
			sourceTree = "<group>";
		};
		BC9CD3AC254615AE00DE06AE /* Model */ = {
			isa = PBXGroup;
			children = (
				BC9CD63B25471DEB00DE06AE /* Message.swift */,
				BC9CD3BE2546406600DE06AE /* Response.swift */,
				BC9CD3B52546180D00DE06AE /* RequestHandler.swift */,
			);
			path = Model;
			sourceTree = "<group>";
		};
		BC9CD64325471F9D00DE06AE /* Protocols */ = {
			isa = PBXGroup;
			children = (
				BC9CD64425471FC000DE06AE /* ApiResponse.swift */,
			);
			path = Protocols;
			sourceTree = "<group>";
		};
/* End PBXGroup section */

/* Begin PBXNativeTarget section */
		BC9CD3732546126700DE06AE /* SimpleHttpClient */ = {
			isa = PBXNativeTarget;
			buildConfigurationList = BC9CD39E2546126C00DE06AE /* Build configuration list for PBXNativeTarget "SimpleHttpClient" */;
			buildPhases = (
				BC9CD3702546126700DE06AE /* Sources */,
				BC9CD3712546126700DE06AE /* Frameworks */,
				BC9CD3722546126700DE06AE /* Resources */,
			);
			buildRules = (
			);
			dependencies = (
			);
			name = SimpleHttpClient;
			productName = SimpleHttpClient;
			productReference = BC9CD3742546126700DE06AE /* SimpleHttpClient.app */;
			productType = "com.apple.product-type.application";
		};
		BC9CD3892546126C00DE06AE /* SimpleHttpClientTests */ = {
			isa = PBXNativeTarget;
			buildConfigurationList = BC9CD3A12546126C00DE06AE /* Build configuration list for PBXNativeTarget "SimpleHttpClientTests" */;
			buildPhases = (
				BC9CD3862546126C00DE06AE /* Sources */,
				BC9CD3872546126C00DE06AE /* Frameworks */,
				BC9CD3882546126C00DE06AE /* Resources */,
			);
			buildRules = (
			);
			dependencies = (
				BC9CD38C2546126C00DE06AE /* PBXTargetDependency */,
			);
			name = SimpleHttpClientTests;
			productName = SimpleHttpClientTests;
			productReference = BC9CD38A2546126C00DE06AE /* SimpleHttpClientTests.xctest */;
			productType = "com.apple.product-type.bundle.unit-test";
		};
		BC9CD3942546126C00DE06AE /* SimpleHttpClientUITests */ = {
			isa = PBXNativeTarget;
			buildConfigurationList = BC9CD3A42546126C00DE06AE /* Build configuration list for PBXNativeTarget "SimpleHttpClientUITests" */;
			buildPhases = (
				BC9CD3912546126C00DE06AE /* Sources */,
				BC9CD3922546126C00DE06AE /* Frameworks */,
				BC9CD3932546126C00DE06AE /* Resources */,
			);
			buildRules = (
			);
			dependencies = (
				BC9CD3972546126C00DE06AE /* PBXTargetDependency */,
			);
			name = SimpleHttpClientUITests;
			productName = SimpleHttpClientUITests;
			productReference = BC9CD3952546126C00DE06AE /* SimpleHttpClientUITests.xctest */;
			productType = "com.apple.product-type.bundle.ui-testing";
		};
/* End PBXNativeTarget section */

/* Begin PBXProject section */
		BC9CD36C2546126700DE06AE /* Project object */ = {
			isa = PBXProject;
			attributes = {
				LastSwiftUpdateCheck = 1200;
				LastUpgradeCheck = 1200;
				TargetAttributes = {
					BC9CD3732546126700DE06AE = {
						CreatedOnToolsVersion = 12.0.1;
					};
					BC9CD3892546126C00DE06AE = {
						CreatedOnToolsVersion = 12.0.1;
						TestTargetID = BC9CD3732546126700DE06AE;
					};
					BC9CD3942546126C00DE06AE = {
						CreatedOnToolsVersion = 12.0.1;
						TestTargetID = BC9CD3732546126700DE06AE;
					};
				};
			};
			buildConfigurationList = BC9CD36F2546126700DE06AE /* Build configuration list for PBXProject "SimpleHttpClient" */;
			compatibilityVersion = "Xcode 9.3";
			developmentRegion = en;
			hasScannedForEncodings = 0;
			knownRegions = (
				en,
				Base,
			);
			mainGroup = BC9CD36B2546126700DE06AE;
			productRefGroup = BC9CD3752546126700DE06AE /* Products */;
			projectDirPath = "";
			projectRoot = "";
			targets = (
				BC9CD3732546126700DE06AE /* SimpleHttpClient */,
				BC9CD3892546126C00DE06AE /* SimpleHttpClientTests */,
				BC9CD3942546126C00DE06AE /* SimpleHttpClientUITests */,
			);
		};
/* End PBXProject section */

/* Begin PBXResourcesBuildPhase section */
		BC9CD3722546126700DE06AE /* Resources */ = {
			isa = PBXResourcesBuildPhase;
			buildActionMask = 2147483647;
			files = (
				BC9CD3842546126B00DE06AE /* LaunchScreen.storyboard in Resources */,
				BC9CD3812546126B00DE06AE /* Assets.xcassets in Resources */,
				BC9CD37F2546126700DE06AE /* Main.storyboard in Resources */,
			);
			runOnlyForDeploymentPostprocessing = 0;
		};
		BC9CD3882546126C00DE06AE /* Resources */ = {
			isa = PBXResourcesBuildPhase;
			buildActionMask = 2147483647;
			files = (
			);
			runOnlyForDeploymentPostprocessing = 0;
		};
		BC9CD3932546126C00DE06AE /* Resources */ = {
			isa = PBXResourcesBuildPhase;
			buildActionMask = 2147483647;
			files = (
			);
			runOnlyForDeploymentPostprocessing = 0;
		};
/* End PBXResourcesBuildPhase section */

/* Begin PBXSourcesBuildPhase section */
		BC9CD3702546126700DE06AE /* Sources */ = {
			isa = PBXSourcesBuildPhase;
			buildActionMask = 2147483647;
			files = (
				BC9CD37C2546126700DE06AE /* ViewController.swift in Sources */,
				BC9CD3B62546180D00DE06AE /* RequestHandler.swift in Sources */,
				BC9CD3782546126700DE06AE /* AppDelegate.swift in Sources */,
				BC9CD64525471FC000DE06AE /* ApiResponse.swift in Sources */,
				BC9CD3BF2546406600DE06AE /* Response.swift in Sources */,
				BC9CD37A2546126700DE06AE /* SceneDelegate.swift in Sources */,
				BC9CD63C25471DEB00DE06AE /* Message.swift in Sources */,
			);
			runOnlyForDeploymentPostprocessing = 0;
		};
		BC9CD3862546126C00DE06AE /* Sources */ = {
			isa = PBXSourcesBuildPhase;
			buildActionMask = 2147483647;
			files = (
				BC9CD38F2546126C00DE06AE /* SimpleHttpClientTests.swift in Sources */,
			);
			runOnlyForDeploymentPostprocessing = 0;
		};
		BC9CD3912546126C00DE06AE /* Sources */ = {
			isa = PBXSourcesBuildPhase;
			buildActionMask = 2147483647;
			files = (
				BC9CD39A2546126C00DE06AE /* SimpleHttpClientUITests.swift in Sources */,
			);
			runOnlyForDeploymentPostprocessing = 0;
		};
/* End PBXSourcesBuildPhase section */

/* Begin PBXTargetDependency section */
		BC9CD38C2546126C00DE06AE /* PBXTargetDependency */ = {
			isa = PBXTargetDependency;
			target = BC9CD3732546126700DE06AE /* SimpleHttpClient */;
			targetProxy = BC9CD38B2546126C00DE06AE /* PBXContainerItemProxy */;
		};
		BC9CD3972546126C00DE06AE /* PBXTargetDependency */ = {
			isa = PBXTargetDependency;
			target = BC9CD3732546126700DE06AE /* SimpleHttpClient */;
			targetProxy = BC9CD3962546126C00DE06AE /* PBXContainerItemProxy */;
		};
/* End PBXTargetDependency section */

/* Begin PBXVariantGroup section */
		BC9CD37D2546126700DE06AE /* Main.storyboard */ = {
			isa = PBXVariantGroup;
			children = (
				BC9CD37E2546126700DE06AE /* Base */,
			);
			name = Main.storyboard;
			sourceTree = "<group>";
		};
		BC9CD3822546126B00DE06AE /* LaunchScreen.storyboard */ = {
			isa = PBXVariantGroup;
			children = (
				BC9CD3832546126B00DE06AE /* Base */,
			);
			name = LaunchScreen.storyboard;
			sourceTree = "<group>";
		};
/* End PBXVariantGroup section */

/* Begin XCBuildConfiguration section */
		BC9CD39C2546126C00DE06AE /* Debug */ = {
			isa = XCBuildConfiguration;
			buildSettings = {
				ALWAYS_SEARCH_USER_PATHS = NO;
				CLANG_ANALYZER_NONNULL = YES;
				CLANG_ANALYZER_NUMBER_OBJECT_CONVERSION = YES_AGGRESSIVE;
				CLANG_CXX_LANGUAGE_STANDARD = "gnu++14";
				CLANG_CXX_LIBRARY = "libc++";
				CLANG_ENABLE_MODULES = YES;
				CLANG_ENABLE_OBJC_ARC = YES;
				CLANG_ENABLE_OBJC_WEAK = YES;
				CLANG_WARN_BLOCK_CAPTURE_AUTORELEASING = YES;
				CLANG_WARN_BOOL_CONVERSION = YES;
				CLANG_WARN_COMMA = YES;
				CLANG_WARN_CONSTANT_CONVERSION = YES;
				CLANG_WARN_DEPRECATED_OBJC_IMPLEMENTATIONS = YES;
				CLANG_WARN_DIRECT_OBJC_ISA_USAGE = YES_ERROR;
				CLANG_WARN_DOCUMENTATION_COMMENTS = YES;
				CLANG_WARN_EMPTY_BODY = YES;
				CLANG_WARN_ENUM_CONVERSION = YES;
				CLANG_WARN_INFINITE_RECURSION = YES;
				CLANG_WARN_INT_CONVERSION = YES;
				CLANG_WARN_NON_LITERAL_NULL_CONVERSION = YES;
				CLANG_WARN_OBJC_IMPLICIT_RETAIN_SELF = YES;
				CLANG_WARN_OBJC_LITERAL_CONVERSION = YES;
				CLANG_WARN_OBJC_ROOT_CLASS = YES_ERROR;
				CLANG_WARN_QUOTED_INCLUDE_IN_FRAMEWORK_HEADER = YES;
				CLANG_WARN_RANGE_LOOP_ANALYSIS = YES;
				CLANG_WARN_STRICT_PROTOTYPES = YES;
				CLANG_WARN_SUSPICIOUS_MOVE = YES;
				CLANG_WARN_UNGUARDED_AVAILABILITY = YES_AGGRESSIVE;
				CLANG_WARN_UNREACHABLE_CODE = YES;
				CLANG_WARN__DUPLICATE_METHOD_MATCH = YES;
				COPY_PHASE_STRIP = NO;
				DEBUG_INFORMATION_FORMAT = dwarf;
				ENABLE_STRICT_OBJC_MSGSEND = YES;
				ENABLE_TESTABILITY = YES;
				GCC_C_LANGUAGE_STANDARD = gnu11;
				GCC_DYNAMIC_NO_PIC = NO;
				GCC_NO_COMMON_BLOCKS = YES;
				GCC_OPTIMIZATION_LEVEL = 0;
				GCC_PREPROCESSOR_DEFINITIONS = (
					"DEBUG=1",
					"$(inherited)",
				);
				GCC_WARN_64_TO_32_BIT_CONVERSION = YES;
				GCC_WARN_ABOUT_RETURN_TYPE = YES_ERROR;
				GCC_WARN_UNDECLARED_SELECTOR = YES;
				GCC_WARN_UNINITIALIZED_AUTOS = YES_AGGRESSIVE;
				GCC_WARN_UNUSED_FUNCTION = YES;
				GCC_WARN_UNUSED_VARIABLE = YES;
				IPHONEOS_DEPLOYMENT_TARGET = 14.0;
				MTL_ENABLE_DEBUG_INFO = INCLUDE_SOURCE;
				MTL_FAST_MATH = YES;
				ONLY_ACTIVE_ARCH = YES;
				SDKROOT = iphoneos;
				SWIFT_ACTIVE_COMPILATION_CONDITIONS = DEBUG;
				SWIFT_OPTIMIZATION_LEVEL = "-Onone";
			};
			name = Debug;
		};
		BC9CD39D2546126C00DE06AE /* Release */ = {
			isa = XCBuildConfiguration;
			buildSettings = {
				ALWAYS_SEARCH_USER_PATHS = NO;
				CLANG_ANALYZER_NONNULL = YES;
				CLANG_ANALYZER_NUMBER_OBJECT_CONVERSION = YES_AGGRESSIVE;
				CLANG_CXX_LANGUAGE_STANDARD = "gnu++14";
				CLANG_CXX_LIBRARY = "libc++";
				CLANG_ENABLE_MODULES = YES;
				CLANG_ENABLE_OBJC_ARC = YES;
				CLANG_ENABLE_OBJC_WEAK = YES;
				CLANG_WARN_BLOCK_CAPTURE_AUTORELEASING = YES;
				CLANG_WARN_BOOL_CONVERSION = YES;
				CLANG_WARN_COMMA = YES;
				CLANG_WARN_CONSTANT_CONVERSION = YES;
				CLANG_WARN_DEPRECATED_OBJC_IMPLEMENTATIONS = YES;
				CLANG_WARN_DIRECT_OBJC_ISA_USAGE = YES_ERROR;
				CLANG_WARN_DOCUMENTATION_COMMENTS = YES;
				CLANG_WARN_EMPTY_BODY = YES;
				CLANG_WARN_ENUM_CONVERSION = YES;
				CLANG_WARN_INFINITE_RECURSION = YES;
				CLANG_WARN_INT_CONVERSION = YES;
				CLANG_WARN_NON_LITERAL_NULL_CONVERSION = YES;
				CLANG_WARN_OBJC_IMPLICIT_RETAIN_SELF = YES;
				CLANG_WARN_OBJC_LITERAL_CONVERSION = YES;
				CLANG_WARN_OBJC_ROOT_CLASS = YES_ERROR;
				CLANG_WARN_QUOTED_INCLUDE_IN_FRAMEWORK_HEADER = YES;
				CLANG_WARN_RANGE_LOOP_ANALYSIS = YES;
				CLANG_WARN_STRICT_PROTOTYPES = YES;
				CLANG_WARN_SUSPICIOUS_MOVE = YES;
				CLANG_WARN_UNGUARDED_AVAILABILITY = YES_AGGRESSIVE;
				CLANG_WARN_UNREACHABLE_CODE = YES;
				CLANG_WARN__DUPLICATE_METHOD_MATCH = YES;
				COPY_PHASE_STRIP = NO;
				DEBUG_INFORMATION_FORMAT = "dwarf-with-dsym";
				ENABLE_NS_ASSERTIONS = NO;
				ENABLE_STRICT_OBJC_MSGSEND = YES;
				GCC_C_LANGUAGE_STANDARD = gnu11;
				GCC_NO_COMMON_BLOCKS = YES;
				GCC_WARN_64_TO_32_BIT_CONVERSION = YES;
				GCC_WARN_ABOUT_RETURN_TYPE = YES_ERROR;
				GCC_WARN_UNDECLARED_SELECTOR = YES;
				GCC_WARN_UNINITIALIZED_AUTOS = YES_AGGRESSIVE;
				GCC_WARN_UNUSED_FUNCTION = YES;
				GCC_WARN_UNUSED_VARIABLE = YES;
				IPHONEOS_DEPLOYMENT_TARGET = 14.0;
				MTL_ENABLE_DEBUG_INFO = NO;
				MTL_FAST_MATH = YES;
				SDKROOT = iphoneos;
				SWIFT_COMPILATION_MODE = wholemodule;
				SWIFT_OPTIMIZATION_LEVEL = "-O";
				VALIDATE_PRODUCT = YES;
			};
			name = Release;
		};
		BC9CD39F2546126C00DE06AE /* Debug */ = {
			isa = XCBuildConfiguration;
			buildSettings = {
				ASSETCATALOG_COMPILER_APPICON_NAME = AppIcon;
				ASSETCATALOG_COMPILER_GLOBAL_ACCENT_COLOR_NAME = AccentColor;
				CODE_SIGN_STYLE = Automatic;
				DEVELOPMENT_TEAM = 7P7K4AZ9WQ;
				INFOPLIST_FILE = SimpleHttpClient/Info.plist;
				LD_RUNPATH_SEARCH_PATHS = (
					"$(inherited)",
					"@executable_path/Frameworks",
				);
				PRODUCT_BUNDLE_IDENTIFIER = com.syvertsj.SimpleHttpClient;
				PRODUCT_NAME = "$(TARGET_NAME)";
				SWIFT_VERSION = 5.0;
				TARGETED_DEVICE_FAMILY = "1,2";
			};
			name = Debug;
		};
		BC9CD3A02546126C00DE06AE /* Release */ = {
			isa = XCBuildConfiguration;
			buildSettings = {
				ASSETCATALOG_COMPILER_APPICON_NAME = AppIcon;
				ASSETCATALOG_COMPILER_GLOBAL_ACCENT_COLOR_NAME = AccentColor;
				CODE_SIGN_STYLE = Automatic;
				DEVELOPMENT_TEAM = 7P7K4AZ9WQ;
				INFOPLIST_FILE = SimpleHttpClient/Info.plist;
				LD_RUNPATH_SEARCH_PATHS = (
					"$(inherited)",
					"@executable_path/Frameworks",
				);
				PRODUCT_BUNDLE_IDENTIFIER = com.syvertsj.SimpleHttpClient;
				PRODUCT_NAME = "$(TARGET_NAME)";
				SWIFT_VERSION = 5.0;
				TARGETED_DEVICE_FAMILY = "1,2";
			};
			name = Release;
		};
		BC9CD3A22546126C00DE06AE /* Debug */ = {
			isa = XCBuildConfiguration;
			buildSettings = {
				ALWAYS_EMBED_SWIFT_STANDARD_LIBRARIES = YES;
				BUNDLE_LOADER = "$(TEST_HOST)";
				CODE_SIGN_STYLE = Automatic;
				DEVELOPMENT_TEAM = 7P7K4AZ9WQ;
				INFOPLIST_FILE = SimpleHttpClientTests/Info.plist;
				IPHONEOS_DEPLOYMENT_TARGET = 14.0;
				LD_RUNPATH_SEARCH_PATHS = (
					"$(inherited)",
					"@executable_path/Frameworks",
					"@loader_path/Frameworks",
				);
				PRODUCT_BUNDLE_IDENTIFIER = com.syvertsj.SimpleHttpClientTests;
				PRODUCT_NAME = "$(TARGET_NAME)";
				SWIFT_VERSION = 5.0;
				TARGETED_DEVICE_FAMILY = "1,2";
				TEST_HOST = "$(BUILT_PRODUCTS_DIR)/SimpleHttpClient.app/SimpleHttpClient";
			};
			name = Debug;
		};
		BC9CD3A32546126C00DE06AE /* Release */ = {
			isa = XCBuildConfiguration;
			buildSettings = {
				ALWAYS_EMBED_SWIFT_STANDARD_LIBRARIES = YES;
				BUNDLE_LOADER = "$(TEST_HOST)";
				CODE_SIGN_STYLE = Automatic;
				DEVELOPMENT_TEAM = 7P7K4AZ9WQ;
				INFOPLIST_FILE = SimpleHttpClientTests/Info.plist;
				IPHONEOS_DEPLOYMENT_TARGET = 14.0;
				LD_RUNPATH_SEARCH_PATHS = (
					"$(inherited)",
					"@executable_path/Frameworks",
					"@loader_path/Frameworks",
				);
				PRODUCT_BUNDLE_IDENTIFIER = com.syvertsj.SimpleHttpClientTests;
				PRODUCT_NAME = "$(TARGET_NAME)";
				SWIFT_VERSION = 5.0;
				TARGETED_DEVICE_FAMILY = "1,2";
				TEST_HOST = "$(BUILT_PRODUCTS_DIR)/SimpleHttpClient.app/SimpleHttpClient";
			};
			name = Release;
		};
		BC9CD3A52546126C00DE06AE /* Debug */ = {
			isa = XCBuildConfiguration;
			buildSettings = {
				ALWAYS_EMBED_SWIFT_STANDARD_LIBRARIES = YES;
				CODE_SIGN_STYLE = Automatic;
				DEVELOPMENT_TEAM = 7P7K4AZ9WQ;
				INFOPLIST_FILE = SimpleHttpClientUITests/Info.plist;
				LD_RUNPATH_SEARCH_PATHS = (
					"$(inherited)",
					"@executable_path/Frameworks",
					"@loader_path/Frameworks",
				);
				PRODUCT_BUNDLE_IDENTIFIER = com.syvertsj.SimpleHttpClientUITests;
				PRODUCT_NAME = "$(TARGET_NAME)";
				SWIFT_VERSION = 5.0;
				TARGETED_DEVICE_FAMILY = "1,2";
				TEST_TARGET_NAME = SimpleHttpClient;
			};
			name = Debug;
		};
		BC9CD3A62546126C00DE06AE /* Release */ = {
			isa = XCBuildConfiguration;
			buildSettings = {
				ALWAYS_EMBED_SWIFT_STANDARD_LIBRARIES = YES;
				CODE_SIGN_STYLE = Automatic;
				DEVELOPMENT_TEAM = 7P7K4AZ9WQ;
				INFOPLIST_FILE = SimpleHttpClientUITests/Info.plist;
				LD_RUNPATH_SEARCH_PATHS = (
					"$(inherited)",
					"@executable_path/Frameworks",
					"@loader_path/Frameworks",
				);
				PRODUCT_BUNDLE_IDENTIFIER = com.syvertsj.SimpleHttpClientUITests;
				PRODUCT_NAME = "$(TARGET_NAME)";
				SWIFT_VERSION = 5.0;
				TARGETED_DEVICE_FAMILY = "1,2";
				TEST_TARGET_NAME = SimpleHttpClient;
			};
			name = Release;
		};
/* End XCBuildConfiguration section */

/* Begin XCConfigurationList section */
		BC9CD36F2546126700DE06AE /* Build configuration list for PBXProject "SimpleHttpClient" */ = {
			isa = XCConfigurationList;
			buildConfigurations = (
				BC9CD39C2546126C00DE06AE /* Debug */,
				BC9CD39D2546126C00DE06AE /* Release */,
			);
			defaultConfigurationIsVisible = 0;
			defaultConfigurationName = Release;
		};
		BC9CD39E2546126C00DE06AE /* Build configuration list for PBXNativeTarget "SimpleHttpClient" */ = {
			isa = XCConfigurationList;
			buildConfigurations = (
				BC9CD39F2546126C00DE06AE /* Debug */,
				BC9CD3A02546126C00DE06AE /* Release */,
			);
			defaultConfigurationIsVisible = 0;
			defaultConfigurationName = Release;
		};
		BC9CD3A12546126C00DE06AE /* Build configuration list for PBXNativeTarget "SimpleHttpClientTests" */ = {
			isa = XCConfigurationList;
			buildConfigurations = (
				BC9CD3A22546126C00DE06AE /* Debug */,
				BC9CD3A32546126C00DE06AE /* Release */,
			);
			defaultConfigurationIsVisible = 0;
			defaultConfigurationName = Release;
		};
		BC9CD3A42546126C00DE06AE /* Build configuration list for PBXNativeTarget "SimpleHttpClientUITests" */ = {
			isa = XCConfigurationList;
			buildConfigurations = (
				BC9CD3A52546126C00DE06AE /* Debug */,
				BC9CD3A62546126C00DE06AE /* Release */,
			);
			defaultConfigurationIsVisible = 0;
			defaultConfigurationName = Release;
		};
/* End XCConfigurationList section */
	};
	rootObject = BC9CD36C2546126700DE06AE /* Project object */;
}
