// !$*UTF8*$!
{
	archiveVersion = 1;
	classes = {
	};
	objectVersion = 50;
	objects = {

/* Begin PBXBuildFile section */
		5347708C31AA876D4D9C42D2 /* Pods_endpoint_ping_endpoint_pingUITests.framework in Frameworks */ = {isa = PBXBuildFile; fileRef = 0D72C6495F13A6B3BEF56B3E /* Pods_endpoint_ping_endpoint_pingUITests.framework */; };
		8B0D9E1F18555FDD9BCC5B87 /* Pods_endpoint_ping.framework in Frameworks */ = {isa = PBXBuildFile; fileRef = A0C902C3DDBC76E10B941102 /* Pods_endpoint_ping.framework */; };
		984BB8A68560473BA4A60B23 /* Pods_endpoint_pingTests.framework in Frameworks */ = {isa = PBXBuildFile; fileRef = 9F8C93FB0DD4813AE12F0831 /* Pods_endpoint_pingTests.framework */; };
		BCA16C582418801E00C9E9A1 /* AppDelegate.swift in Sources */ = {isa = PBXBuildFile; fileRef = BCA16C572418801E00C9E9A1 /* AppDelegate.swift */; };
		BCA16C5A2418801E00C9E9A1 /* SceneDelegate.swift in Sources */ = {isa = PBXBuildFile; fileRef = BCA16C592418801E00C9E9A1 /* SceneDelegate.swift */; };
		BCA16C5C2418801E00C9E9A1 /* ViewController.swift in Sources */ = {isa = PBXBuildFile; fileRef = BCA16C5B2418801E00C9E9A1 /* ViewController.swift */; };
		BCA16C5F2418801E00C9E9A1 /* Main.storyboard in Resources */ = {isa = PBXBuildFile; fileRef = BCA16C5D2418801E00C9E9A1 /* Main.storyboard */; };
		BCA16C612418802100C9E9A1 /* Assets.xcassets in Resources */ = {isa = PBXBuildFile; fileRef = BCA16C602418802100C9E9A1 /* Assets.xcassets */; };
		BCA16C642418802100C9E9A1 /* LaunchScreen.storyboard in Resources */ = {isa = PBXBuildFile; fileRef = BCA16C622418802100C9E9A1 /* LaunchScreen.storyboard */; };
		BCA16C6F2418802100C9E9A1 /* endpoint_pingTests.swift in Sources */ = {isa = PBXBuildFile; fileRef = BCA16C6E2418802100C9E9A1 /* endpoint_pingTests.swift */; };
		BCA16C7A2418802100C9E9A1 /* endpoint_pingUITests.swift in Sources */ = {isa = PBXBuildFile; fileRef = BCA16C792418802100C9E9A1 /* endpoint_pingUITests.swift */; };
		BCA16C882418966400C9E9A1 /* EndpointCheck.swift in Sources */ = {isa = PBXBuildFile; fileRef = BCA16C872418966300C9E9A1 /* EndpointCheck.swift */; };
/* End PBXBuildFile section */

/* Begin PBXContainerItemProxy section */
		BCA16C6B2418802100C9E9A1 /* PBXContainerItemProxy */ = {
			isa = PBXContainerItemProxy;
			containerPortal = BCA16C4C2418801E00C9E9A1 /* Project object */;
			proxyType = 1;
			remoteGlobalIDString = BCA16C532418801E00C9E9A1;
			remoteInfo = endpoint_ping;
		};
		BCA16C762418802100C9E9A1 /* PBXContainerItemProxy */ = {
			isa = PBXContainerItemProxy;
			containerPortal = BCA16C4C2418801E00C9E9A1 /* Project object */;
			proxyType = 1;
			remoteGlobalIDString = BCA16C532418801E00C9E9A1;
			remoteInfo = endpoint_ping;
		};
/* End PBXContainerItemProxy section */

/* Begin PBXFileReference section */
		0D72C6495F13A6B3BEF56B3E /* Pods_endpoint_ping_endpoint_pingUITests.framework */ = {isa = PBXFileReference; explicitFileType = wrapper.framework; includeInIndex = 0; path = Pods_endpoint_ping_endpoint_pingUITests.framework; sourceTree = BUILT_PRODUCTS_DIR; };
		1D16F74B5F8F3A947607392D /* Pods-endpoint_ping-endpoint_pingUITests.debug.xcconfig */ = {isa = PBXFileReference; includeInIndex = 1; lastKnownFileType = text.xcconfig; name = "Pods-endpoint_ping-endpoint_pingUITests.debug.xcconfig"; path = "Target Support Files/Pods-endpoint_ping-endpoint_pingUITests/Pods-endpoint_ping-endpoint_pingUITests.debug.xcconfig"; sourceTree = "<group>"; };
		2E2FBD473A51CC7E789C9E7A /* Pods-endpoint_ping.release.xcconfig */ = {isa = PBXFileReference; includeInIndex = 1; lastKnownFileType = text.xcconfig; name = "Pods-endpoint_ping.release.xcconfig"; path = "Target Support Files/Pods-endpoint_ping/Pods-endpoint_ping.release.xcconfig"; sourceTree = "<group>"; };
		400BB7A0332F7FBB9FCDFEED /* Pods-endpoint_ping.debug.xcconfig */ = {isa = PBXFileReference; includeInIndex = 1; lastKnownFileType = text.xcconfig; name = "Pods-endpoint_ping.debug.xcconfig"; path = "Target Support Files/Pods-endpoint_ping/Pods-endpoint_ping.debug.xcconfig"; sourceTree = "<group>"; };
		9F8C93FB0DD4813AE12F0831 /* Pods_endpoint_pingTests.framework */ = {isa = PBXFileReference; explicitFileType = wrapper.framework; includeInIndex = 0; path = Pods_endpoint_pingTests.framework; sourceTree = BUILT_PRODUCTS_DIR; };
		A0C902C3DDBC76E10B941102 /* Pods_endpoint_ping.framework */ = {isa = PBXFileReference; explicitFileType = wrapper.framework; includeInIndex = 0; path = Pods_endpoint_ping.framework; sourceTree = BUILT_PRODUCTS_DIR; };
		B19F73A6EA8858E310A30D1A /* Pods-endpoint_ping-endpoint_pingUITests.release.xcconfig */ = {isa = PBXFileReference; includeInIndex = 1; lastKnownFileType = text.xcconfig; name = "Pods-endpoint_ping-endpoint_pingUITests.release.xcconfig"; path = "Target Support Files/Pods-endpoint_ping-endpoint_pingUITests/Pods-endpoint_ping-endpoint_pingUITests.release.xcconfig"; sourceTree = "<group>"; };
		BCA16C542418801E00C9E9A1 /* endpoint_ping.app */ = {isa = PBXFileReference; explicitFileType = wrapper.application; includeInIndex = 0; path = endpoint_ping.app; sourceTree = BUILT_PRODUCTS_DIR; };
		BCA16C572418801E00C9E9A1 /* AppDelegate.swift */ = {isa = PBXFileReference; lastKnownFileType = sourcecode.swift; path = AppDelegate.swift; sourceTree = "<group>"; };
		BCA16C592418801E00C9E9A1 /* SceneDelegate.swift */ = {isa = PBXFileReference; lastKnownFileType = sourcecode.swift; path = SceneDelegate.swift; sourceTree = "<group>"; };
		BCA16C5B2418801E00C9E9A1 /* ViewController.swift */ = {isa = PBXFileReference; lastKnownFileType = sourcecode.swift; path = ViewController.swift; sourceTree = "<group>"; };
		BCA16C5E2418801E00C9E9A1 /* Base */ = {isa = PBXFileReference; lastKnownFileType = file.storyboard; name = Base; path = Base.lproj/Main.storyboard; sourceTree = "<group>"; };
		BCA16C602418802100C9E9A1 /* Assets.xcassets */ = {isa = PBXFileReference; lastKnownFileType = folder.assetcatalog; path = Assets.xcassets; sourceTree = "<group>"; };
		BCA16C632418802100C9E9A1 /* Base */ = {isa = PBXFileReference; lastKnownFileType = file.storyboard; name = Base; path = Base.lproj/LaunchScreen.storyboard; sourceTree = "<group>"; };
		BCA16C652418802100C9E9A1 /* Info.plist */ = {isa = PBXFileReference; lastKnownFileType = text.plist.xml; path = Info.plist; sourceTree = "<group>"; };
		BCA16C6A2418802100C9E9A1 /* endpoint_pingTests.xctest */ = {isa = PBXFileReference; explicitFileType = wrapper.cfbundle; includeInIndex = 0; path = endpoint_pingTests.xctest; sourceTree = BUILT_PRODUCTS_DIR; };
		BCA16C6E2418802100C9E9A1 /* endpoint_pingTests.swift */ = {isa = PBXFileReference; lastKnownFileType = sourcecode.swift; path = endpoint_pingTests.swift; sourceTree = "<group>"; };
		BCA16C702418802100C9E9A1 /* Info.plist */ = {isa = PBXFileReference; lastKnownFileType = text.plist.xml; path = Info.plist; sourceTree = "<group>"; };
		BCA16C752418802100C9E9A1 /* endpoint_pingUITests.xctest */ = {isa = PBXFileReference; explicitFileType = wrapper.cfbundle; includeInIndex = 0; path = endpoint_pingUITests.xctest; sourceTree = BUILT_PRODUCTS_DIR; };
		BCA16C792418802100C9E9A1 /* endpoint_pingUITests.swift */ = {isa = PBXFileReference; lastKnownFileType = sourcecode.swift; path = endpoint_pingUITests.swift; sourceTree = "<group>"; };
		BCA16C7B2418802100C9E9A1 /* Info.plist */ = {isa = PBXFileReference; lastKnownFileType = text.plist.xml; path = Info.plist; sourceTree = "<group>"; };
		BCA16C872418966300C9E9A1 /* EndpointCheck.swift */ = {isa = PBXFileReference; lastKnownFileType = sourcecode.swift; path = EndpointCheck.swift; sourceTree = "<group>"; };
		CAA42635461C5677650FF3CB /* Pods-endpoint_pingTests.debug.xcconfig */ = {isa = PBXFileReference; includeInIndex = 1; lastKnownFileType = text.xcconfig; name = "Pods-endpoint_pingTests.debug.xcconfig"; path = "Target Support Files/Pods-endpoint_pingTests/Pods-endpoint_pingTests.debug.xcconfig"; sourceTree = "<group>"; };
		EFF9A38406B45308A8A46362 /* Pods-endpoint_pingTests.release.xcconfig */ = {isa = PBXFileReference; includeInIndex = 1; lastKnownFileType = text.xcconfig; name = "Pods-endpoint_pingTests.release.xcconfig"; path = "Target Support Files/Pods-endpoint_pingTests/Pods-endpoint_pingTests.release.xcconfig"; sourceTree = "<group>"; };
/* End PBXFileReference section */

/* Begin PBXFrameworksBuildPhase section */
		BCA16C512418801E00C9E9A1 /* Frameworks */ = {
			isa = PBXFrameworksBuildPhase;
			buildActionMask = 2147483647;
			files = (
				8B0D9E1F18555FDD9BCC5B87 /* Pods_endpoint_ping.framework in Frameworks */,
			);
			runOnlyForDeploymentPostprocessing = 0;
		};
		BCA16C672418802100C9E9A1 /* Frameworks */ = {
			isa = PBXFrameworksBuildPhase;
			buildActionMask = 2147483647;
			files = (
				984BB8A68560473BA4A60B23 /* Pods_endpoint_pingTests.framework in Frameworks */,
			);
			runOnlyForDeploymentPostprocessing = 0;
		};
		BCA16C722418802100C9E9A1 /* Frameworks */ = {
			isa = PBXFrameworksBuildPhase;
			buildActionMask = 2147483647;
			files = (
				5347708C31AA876D4D9C42D2 /* Pods_endpoint_ping_endpoint_pingUITests.framework in Frameworks */,
			);
			runOnlyForDeploymentPostprocessing = 0;
		};
/* End PBXFrameworksBuildPhase section */

/* Begin PBXGroup section */
		63F0C28F235AF9C929D5C076 /* Frameworks */ = {
			isa = PBXGroup;
			children = (
				A0C902C3DDBC76E10B941102 /* Pods_endpoint_ping.framework */,
				0D72C6495F13A6B3BEF56B3E /* Pods_endpoint_ping_endpoint_pingUITests.framework */,
				9F8C93FB0DD4813AE12F0831 /* Pods_endpoint_pingTests.framework */,
			);
			name = Frameworks;
			sourceTree = "<group>";
		};
		7D672306B6775836C43E8C9A /* Pods */ = {
			isa = PBXGroup;
			children = (
				400BB7A0332F7FBB9FCDFEED /* Pods-endpoint_ping.debug.xcconfig */,
				2E2FBD473A51CC7E789C9E7A /* Pods-endpoint_ping.release.xcconfig */,
				1D16F74B5F8F3A947607392D /* Pods-endpoint_ping-endpoint_pingUITests.debug.xcconfig */,
				B19F73A6EA8858E310A30D1A /* Pods-endpoint_ping-endpoint_pingUITests.release.xcconfig */,
				CAA42635461C5677650FF3CB /* Pods-endpoint_pingTests.debug.xcconfig */,
				EFF9A38406B45308A8A46362 /* Pods-endpoint_pingTests.release.xcconfig */,
			);
			name = Pods;
			path = Pods;
			sourceTree = "<group>";
		};
		BCA16C4B2418801E00C9E9A1 = {
			isa = PBXGroup;
			children = (
				BCA16C872418966300C9E9A1 /* EndpointCheck.swift */,
				BCA16C562418801E00C9E9A1 /* endpoint_ping */,
				BCA16C6D2418802100C9E9A1 /* endpoint_pingTests */,
				BCA16C782418802100C9E9A1 /* endpoint_pingUITests */,
				BCA16C552418801E00C9E9A1 /* Products */,
				7D672306B6775836C43E8C9A /* Pods */,
				63F0C28F235AF9C929D5C076 /* Frameworks */,
			);
			sourceTree = "<group>";
		};
		BCA16C552418801E00C9E9A1 /* Products */ = {
			isa = PBXGroup;
			children = (
				BCA16C542418801E00C9E9A1 /* endpoint_ping.app */,
				BCA16C6A2418802100C9E9A1 /* endpoint_pingTests.xctest */,
				BCA16C752418802100C9E9A1 /* endpoint_pingUITests.xctest */,
			);
			name = Products;
			sourceTree = "<group>";
		};
		BCA16C562418801E00C9E9A1 /* endpoint_ping */ = {
			isa = PBXGroup;
			children = (
				BCA16C572418801E00C9E9A1 /* AppDelegate.swift */,
				BCA16C592418801E00C9E9A1 /* SceneDelegate.swift */,
				BCA16C5B2418801E00C9E9A1 /* ViewController.swift */,
				BCA16C5D2418801E00C9E9A1 /* Main.storyboard */,
				BCA16C602418802100C9E9A1 /* Assets.xcassets */,
				BCA16C622418802100C9E9A1 /* LaunchScreen.storyboard */,
				BCA16C652418802100C9E9A1 /* Info.plist */,
			);
			path = endpoint_ping;
			sourceTree = "<group>";
		};
		BCA16C6D2418802100C9E9A1 /* endpoint_pingTests */ = {
			isa = PBXGroup;
			children = (
				BCA16C6E2418802100C9E9A1 /* endpoint_pingTests.swift */,
				BCA16C702418802100C9E9A1 /* Info.plist */,
			);
			path = endpoint_pingTests;
			sourceTree = "<group>";
		};
		BCA16C782418802100C9E9A1 /* endpoint_pingUITests */ = {
			isa = PBXGroup;
			children = (
				BCA16C792418802100C9E9A1 /* endpoint_pingUITests.swift */,
				BCA16C7B2418802100C9E9A1 /* Info.plist */,
			);
			path = endpoint_pingUITests;
			sourceTree = "<group>";
		};
/* End PBXGroup section */

/* Begin PBXNativeTarget section */
		BCA16C532418801E00C9E9A1 /* endpoint_ping */ = {
			isa = PBXNativeTarget;
			buildConfigurationList = BCA16C7E2418802100C9E9A1 /* Build configuration list for PBXNativeTarget "endpoint_ping" */;
			buildPhases = (
				977EFDE46BAE13F80E48BA0B /* [CP] Check Pods Manifest.lock */,
				BCA16C502418801E00C9E9A1 /* Sources */,
				BCA16C512418801E00C9E9A1 /* Frameworks */,
				BCA16C522418801E00C9E9A1 /* Resources */,
				8A53DEE3F719A08329058895 /* [CP] Embed Pods Frameworks */,
			);
			buildRules = (
			);
			dependencies = (
			);
			name = endpoint_ping;
			productName = endpoint_ping;
			productReference = BCA16C542418801E00C9E9A1 /* endpoint_ping.app */;
			productType = "com.apple.product-type.application";
		};
		BCA16C692418802100C9E9A1 /* endpoint_pingTests */ = {
			isa = PBXNativeTarget;
			buildConfigurationList = BCA16C812418802100C9E9A1 /* Build configuration list for PBXNativeTarget "endpoint_pingTests" */;
			buildPhases = (
				82A8F3D6F1E7FB24A4583264 /* [CP] Check Pods Manifest.lock */,
				BCA16C662418802100C9E9A1 /* Sources */,
				BCA16C672418802100C9E9A1 /* Frameworks */,
				BCA16C682418802100C9E9A1 /* Resources */,
			);
			buildRules = (
			);
			dependencies = (
				BCA16C6C2418802100C9E9A1 /* PBXTargetDependency */,
			);
			name = endpoint_pingTests;
			productName = endpoint_pingTests;
			productReference = BCA16C6A2418802100C9E9A1 /* endpoint_pingTests.xctest */;
			productType = "com.apple.product-type.bundle.unit-test";
		};
		BCA16C742418802100C9E9A1 /* endpoint_pingUITests */ = {
			isa = PBXNativeTarget;
			buildConfigurationList = BCA16C842418802100C9E9A1 /* Build configuration list for PBXNativeTarget "endpoint_pingUITests" */;
			buildPhases = (
				007026BDDF5377474BB138D2 /* [CP] Check Pods Manifest.lock */,
				BCA16C712418802100C9E9A1 /* Sources */,
				BCA16C722418802100C9E9A1 /* Frameworks */,
				BCA16C732418802100C9E9A1 /* Resources */,
				91A67285659E4FBD69014D4A /* [CP] Embed Pods Frameworks */,
			);
			buildRules = (
			);
			dependencies = (
				BCA16C772418802100C9E9A1 /* PBXTargetDependency */,
			);
			name = endpoint_pingUITests;
			productName = endpoint_pingUITests;
			productReference = BCA16C752418802100C9E9A1 /* endpoint_pingUITests.xctest */;
			productType = "com.apple.product-type.bundle.ui-testing";
		};
/* End PBXNativeTarget section */

/* Begin PBXProject section */
		BCA16C4C2418801E00C9E9A1 /* Project object */ = {
			isa = PBXProject;
			attributes = {
				LastSwiftUpdateCheck = 1130;
				LastUpgradeCheck = 1130;
				ORGANIZATIONNAME = James;
				TargetAttributes = {
					BCA16C532418801E00C9E9A1 = {
						CreatedOnToolsVersion = 11.3.1;
					};
					BCA16C692418802100C9E9A1 = {
						CreatedOnToolsVersion = 11.3.1;
						TestTargetID = BCA16C532418801E00C9E9A1;
					};
					BCA16C742418802100C9E9A1 = {
						CreatedOnToolsVersion = 11.3.1;
						TestTargetID = BCA16C532418801E00C9E9A1;
					};
				};
			};
			buildConfigurationList = BCA16C4F2418801E00C9E9A1 /* Build configuration list for PBXProject "endpoint_ping" */;
			compatibilityVersion = "Xcode 9.3";
			developmentRegion = en;
			hasScannedForEncodings = 0;
			knownRegions = (
				en,
				Base,
			);
			mainGroup = BCA16C4B2418801E00C9E9A1;
			productRefGroup = BCA16C552418801E00C9E9A1 /* Products */;
			projectDirPath = "";
			projectRoot = "";
			targets = (
				BCA16C532418801E00C9E9A1 /* endpoint_ping */,
				BCA16C692418802100C9E9A1 /* endpoint_pingTests */,
				BCA16C742418802100C9E9A1 /* endpoint_pingUITests */,
			);
		};
/* End PBXProject section */

/* Begin PBXResourcesBuildPhase section */
		BCA16C522418801E00C9E9A1 /* Resources */ = {
			isa = PBXResourcesBuildPhase;
			buildActionMask = 2147483647;
			files = (
				BCA16C642418802100C9E9A1 /* LaunchScreen.storyboard in Resources */,
				BCA16C612418802100C9E9A1 /* Assets.xcassets in Resources */,
				BCA16C5F2418801E00C9E9A1 /* Main.storyboard in Resources */,
			);
			runOnlyForDeploymentPostprocessing = 0;
		};
		BCA16C682418802100C9E9A1 /* Resources */ = {
			isa = PBXResourcesBuildPhase;
			buildActionMask = 2147483647;
			files = (
			);
			runOnlyForDeploymentPostprocessing = 0;
		};
		BCA16C732418802100C9E9A1 /* Resources */ = {
			isa = PBXResourcesBuildPhase;
			buildActionMask = 2147483647;
			files = (
			);
			runOnlyForDeploymentPostprocessing = 0;
		};
/* End PBXResourcesBuildPhase section */

/* Begin PBXShellScriptBuildPhase section */
		007026BDDF5377474BB138D2 /* [CP] Check Pods Manifest.lock */ = {
			isa = PBXShellScriptBuildPhase;
			buildActionMask = 2147483647;
			files = (
			);
			inputFileListPaths = (
			);
			inputPaths = (
				"${PODS_PODFILE_DIR_PATH}/Podfile.lock",
				"${PODS_ROOT}/Manifest.lock",
			);
			name = "[CP] Check Pods Manifest.lock";
			outputFileListPaths = (
			);
			outputPaths = (
				"$(DERIVED_FILE_DIR)/Pods-endpoint_ping-endpoint_pingUITests-checkManifestLockResult.txt",
			);
			runOnlyForDeploymentPostprocessing = 0;
			shellPath = /bin/sh;
			shellScript = "diff \"${PODS_PODFILE_DIR_PATH}/Podfile.lock\" \"${PODS_ROOT}/Manifest.lock\" > /dev/null\nif [ $? != 0 ] ; then\n    # print error to STDERR\n    echo \"error: The sandbox is not in sync with the Podfile.lock. Run 'pod install' or update your CocoaPods installation.\" >&2\n    exit 1\nfi\n# This output is used by Xcode 'outputs' to avoid re-running this script phase.\necho \"SUCCESS\" > \"${SCRIPT_OUTPUT_FILE_0}\"\n";
			showEnvVarsInLog = 0;
		};
		82A8F3D6F1E7FB24A4583264 /* [CP] Check Pods Manifest.lock */ = {
			isa = PBXShellScriptBuildPhase;
			buildActionMask = 2147483647;
			files = (
			);
			inputFileListPaths = (
			);
			inputPaths = (
				"${PODS_PODFILE_DIR_PATH}/Podfile.lock",
				"${PODS_ROOT}/Manifest.lock",
			);
			name = "[CP] Check Pods Manifest.lock";
			outputFileListPaths = (
			);
			outputPaths = (
				"$(DERIVED_FILE_DIR)/Pods-endpoint_pingTests-checkManifestLockResult.txt",
			);
			runOnlyForDeploymentPostprocessing = 0;
			shellPath = /bin/sh;
			shellScript = "diff \"${PODS_PODFILE_DIR_PATH}/Podfile.lock\" \"${PODS_ROOT}/Manifest.lock\" > /dev/null\nif [ $? != 0 ] ; then\n    # print error to STDERR\n    echo \"error: The sandbox is not in sync with the Podfile.lock. Run 'pod install' or update your CocoaPods installation.\" >&2\n    exit 1\nfi\n# This output is used by Xcode 'outputs' to avoid re-running this script phase.\necho \"SUCCESS\" > \"${SCRIPT_OUTPUT_FILE_0}\"\n";
			showEnvVarsInLog = 0;
		};
		8A53DEE3F719A08329058895 /* [CP] Embed Pods Frameworks */ = {
			isa = PBXShellScriptBuildPhase;
			buildActionMask = 2147483647;
			files = (
			);
			inputFileListPaths = (
				"${PODS_ROOT}/Target Support Files/Pods-endpoint_ping/Pods-endpoint_ping-frameworks-${CONFIGURATION}-input-files.xcfilelist",
			);
			name = "[CP] Embed Pods Frameworks";
			outputFileListPaths = (
				"${PODS_ROOT}/Target Support Files/Pods-endpoint_ping/Pods-endpoint_ping-frameworks-${CONFIGURATION}-output-files.xcfilelist",
			);
			runOnlyForDeploymentPostprocessing = 0;
			shellPath = /bin/sh;
			shellScript = "\"${PODS_ROOT}/Target Support Files/Pods-endpoint_ping/Pods-endpoint_ping-frameworks.sh\"\n";
			showEnvVarsInLog = 0;
		};
		91A67285659E4FBD69014D4A /* [CP] Embed Pods Frameworks */ = {
			isa = PBXShellScriptBuildPhase;
			buildActionMask = 2147483647;
			files = (
			);
			inputFileListPaths = (
				"${PODS_ROOT}/Target Support Files/Pods-endpoint_ping-endpoint_pingUITests/Pods-endpoint_ping-endpoint_pingUITests-frameworks-${CONFIGURATION}-input-files.xcfilelist",
			);
			name = "[CP] Embed Pods Frameworks";
			outputFileListPaths = (
				"${PODS_ROOT}/Target Support Files/Pods-endpoint_ping-endpoint_pingUITests/Pods-endpoint_ping-endpoint_pingUITests-frameworks-${CONFIGURATION}-output-files.xcfilelist",
			);
			runOnlyForDeploymentPostprocessing = 0;
			shellPath = /bin/sh;
			shellScript = "\"${PODS_ROOT}/Target Support Files/Pods-endpoint_ping-endpoint_pingUITests/Pods-endpoint_ping-endpoint_pingUITests-frameworks.sh\"\n";
			showEnvVarsInLog = 0;
		};
		977EFDE46BAE13F80E48BA0B /* [CP] Check Pods Manifest.lock */ = {
			isa = PBXShellScriptBuildPhase;
			buildActionMask = 2147483647;
			files = (
			);
			inputFileListPaths = (
			);
			inputPaths = (
				"${PODS_PODFILE_DIR_PATH}/Podfile.lock",
				"${PODS_ROOT}/Manifest.lock",
			);
			name = "[CP] Check Pods Manifest.lock";
			outputFileListPaths = (
			);
			outputPaths = (
				"$(DERIVED_FILE_DIR)/Pods-endpoint_ping-checkManifestLockResult.txt",
			);
			runOnlyForDeploymentPostprocessing = 0;
			shellPath = /bin/sh;
			shellScript = "diff \"${PODS_PODFILE_DIR_PATH}/Podfile.lock\" \"${PODS_ROOT}/Manifest.lock\" > /dev/null\nif [ $? != 0 ] ; then\n    # print error to STDERR\n    echo \"error: The sandbox is not in sync with the Podfile.lock. Run 'pod install' or update your CocoaPods installation.\" >&2\n    exit 1\nfi\n# This output is used by Xcode 'outputs' to avoid re-running this script phase.\necho \"SUCCESS\" > \"${SCRIPT_OUTPUT_FILE_0}\"\n";
			showEnvVarsInLog = 0;
		};
/* End PBXShellScriptBuildPhase section */

/* Begin PBXSourcesBuildPhase section */
		BCA16C502418801E00C9E9A1 /* Sources */ = {
			isa = PBXSourcesBuildPhase;
			buildActionMask = 2147483647;
			files = (
				BCA16C5C2418801E00C9E9A1 /* ViewController.swift in Sources */,
				BCA16C882418966400C9E9A1 /* EndpointCheck.swift in Sources */,
				BCA16C582418801E00C9E9A1 /* AppDelegate.swift in Sources */,
				BCA16C5A2418801E00C9E9A1 /* SceneDelegate.swift in Sources */,
			);
			runOnlyForDeploymentPostprocessing = 0;
		};
		BCA16C662418802100C9E9A1 /* Sources */ = {
			isa = PBXSourcesBuildPhase;
			buildActionMask = 2147483647;
			files = (
				BCA16C6F2418802100C9E9A1 /* endpoint_pingTests.swift in Sources */,
			);
			runOnlyForDeploymentPostprocessing = 0;
		};
		BCA16C712418802100C9E9A1 /* Sources */ = {
			isa = PBXSourcesBuildPhase;
			buildActionMask = 2147483647;
			files = (
				BCA16C7A2418802100C9E9A1 /* endpoint_pingUITests.swift in Sources */,
			);
			runOnlyForDeploymentPostprocessing = 0;
		};
/* End PBXSourcesBuildPhase section */

/* Begin PBXTargetDependency section */
		BCA16C6C2418802100C9E9A1 /* PBXTargetDependency */ = {
			isa = PBXTargetDependency;
			target = BCA16C532418801E00C9E9A1 /* endpoint_ping */;
			targetProxy = BCA16C6B2418802100C9E9A1 /* PBXContainerItemProxy */;
		};
		BCA16C772418802100C9E9A1 /* PBXTargetDependency */ = {
			isa = PBXTargetDependency;
			target = BCA16C532418801E00C9E9A1 /* endpoint_ping */;
			targetProxy = BCA16C762418802100C9E9A1 /* PBXContainerItemProxy */;
		};
/* End PBXTargetDependency section */

/* Begin PBXVariantGroup section */
		BCA16C5D2418801E00C9E9A1 /* Main.storyboard */ = {
			isa = PBXVariantGroup;
			children = (
				BCA16C5E2418801E00C9E9A1 /* Base */,
			);
			name = Main.storyboard;
			sourceTree = "<group>";
		};
		BCA16C622418802100C9E9A1 /* LaunchScreen.storyboard */ = {
			isa = PBXVariantGroup;
			children = (
				BCA16C632418802100C9E9A1 /* Base */,
			);
			name = LaunchScreen.storyboard;
			sourceTree = "<group>";
		};
/* End PBXVariantGroup section */

/* Begin XCBuildConfiguration section */
		BCA16C7C2418802100C9E9A1 /* Debug */ = {
			isa = XCBuildConfiguration;
			buildSettings = {
				ALWAYS_SEARCH_USER_PATHS = NO;
				CLANG_ANALYZER_NONNULL = YES;
				CLANG_ANALYZER_NUMBER_OBJECT_CONVERSION = YES_AGGRESSIVE;
				CLANG_CXX_LANGUAGE_STANDARD = "gnu++14";
				CLANG_CXX_LIBRARY = "libc++";
				CLANG_ENABLE_MODULES = YES;
				CLANG_ENABLE_OBJC_ARC = YES;
				CLANG_ENABLE_OBJC_WEAK = YES;
				CLANG_WARN_BLOCK_CAPTURE_AUTORELEASING = YES;
				CLANG_WARN_BOOL_CONVERSION = YES;
				CLANG_WARN_COMMA = YES;
				CLANG_WARN_CONSTANT_CONVERSION = YES;
				CLANG_WARN_DEPRECATED_OBJC_IMPLEMENTATIONS = YES;
				CLANG_WARN_DIRECT_OBJC_ISA_USAGE = YES_ERROR;
				CLANG_WARN_DOCUMENTATION_COMMENTS = YES;
				CLANG_WARN_EMPTY_BODY = YES;
				CLANG_WARN_ENUM_CONVERSION = YES;
				CLANG_WARN_INFINITE_RECURSION = YES;
				CLANG_WARN_INT_CONVERSION = YES;
				CLANG_WARN_NON_LITERAL_NULL_CONVERSION = YES;
				CLANG_WARN_OBJC_IMPLICIT_RETAIN_SELF = YES;
				CLANG_WARN_OBJC_LITERAL_CONVERSION = YES;
				CLANG_WARN_OBJC_ROOT_CLASS = YES_ERROR;
				CLANG_WARN_RANGE_LOOP_ANALYSIS = YES;
				CLANG_WARN_STRICT_PROTOTYPES = YES;
				CLANG_WARN_SUSPICIOUS_MOVE = YES;
				CLANG_WARN_UNGUARDED_AVAILABILITY = YES_AGGRESSIVE;
				CLANG_WARN_UNREACHABLE_CODE = YES;
				CLANG_WARN__DUPLICATE_METHOD_MATCH = YES;
				COPY_PHASE_STRIP = NO;
				DEBUG_INFORMATION_FORMAT = dwarf;
				ENABLE_STRICT_OBJC_MSGSEND = YES;
				ENABLE_TESTABILITY = YES;
				GCC_C_LANGUAGE_STANDARD = gnu11;
				GCC_DYNAMIC_NO_PIC = NO;
				GCC_NO_COMMON_BLOCKS = YES;
				GCC_OPTIMIZATION_LEVEL = 0;
				GCC_PREPROCESSOR_DEFINITIONS = (
					"DEBUG=1",
					"$(inherited)",
				);
				GCC_WARN_64_TO_32_BIT_CONVERSION = YES;
				GCC_WARN_ABOUT_RETURN_TYPE = YES_ERROR;
				GCC_WARN_UNDECLARED_SELECTOR = YES;
				GCC_WARN_UNINITIALIZED_AUTOS = YES_AGGRESSIVE;
				GCC_WARN_UNUSED_FUNCTION = YES;
				GCC_WARN_UNUSED_VARIABLE = YES;
				IPHONEOS_DEPLOYMENT_TARGET = 13.2;
				MTL_ENABLE_DEBUG_INFO = INCLUDE_SOURCE;
				MTL_FAST_MATH = YES;
				ONLY_ACTIVE_ARCH = YES;
				SDKROOT = iphoneos;
				SWIFT_ACTIVE_COMPILATION_CONDITIONS = DEBUG;
				SWIFT_OPTIMIZATION_LEVEL = "-Onone";
			};
			name = Debug;
		};
		BCA16C7D2418802100C9E9A1 /* Release */ = {
			isa = XCBuildConfiguration;
			buildSettings = {
				ALWAYS_SEARCH_USER_PATHS = NO;
				CLANG_ANALYZER_NONNULL = YES;
				CLANG_ANALYZER_NUMBER_OBJECT_CONVERSION = YES_AGGRESSIVE;
				CLANG_CXX_LANGUAGE_STANDARD = "gnu++14";
				CLANG_CXX_LIBRARY = "libc++";
				CLANG_ENABLE_MODULES = YES;
				CLANG_ENABLE_OBJC_ARC = YES;
				CLANG_ENABLE_OBJC_WEAK = YES;
				CLANG_WARN_BLOCK_CAPTURE_AUTORELEASING = YES;
				CLANG_WARN_BOOL_CONVERSION = YES;
				CLANG_WARN_COMMA = YES;
				CLANG_WARN_CONSTANT_CONVERSION = YES;
				CLANG_WARN_DEPRECATED_OBJC_IMPLEMENTATIONS = YES;
				CLANG_WARN_DIRECT_OBJC_ISA_USAGE = YES_ERROR;
				CLANG_WARN_DOCUMENTATION_COMMENTS = YES;
				CLANG_WARN_EMPTY_BODY = YES;
				CLANG_WARN_ENUM_CONVERSION = YES;
				CLANG_WARN_INFINITE_RECURSION = YES;
				CLANG_WARN_INT_CONVERSION = YES;
				CLANG_WARN_NON_LITERAL_NULL_CONVERSION = YES;
				CLANG_WARN_OBJC_IMPLICIT_RETAIN_SELF = YES;
				CLANG_WARN_OBJC_LITERAL_CONVERSION = YES;
				CLANG_WARN_OBJC_ROOT_CLASS = YES_ERROR;
				CLANG_WARN_RANGE_LOOP_ANALYSIS = YES;
				CLANG_WARN_STRICT_PROTOTYPES = YES;
				CLANG_WARN_SUSPICIOUS_MOVE = YES;
				CLANG_WARN_UNGUARDED_AVAILABILITY = YES_AGGRESSIVE;
				CLANG_WARN_UNREACHABLE_CODE = YES;
				CLANG_WARN__DUPLICATE_METHOD_MATCH = YES;
				COPY_PHASE_STRIP = NO;
				DEBUG_INFORMATION_FORMAT = "dwarf-with-dsym";
				ENABLE_NS_ASSERTIONS = NO;
				ENABLE_STRICT_OBJC_MSGSEND = YES;
				GCC_C_LANGUAGE_STANDARD = gnu11;
				GCC_NO_COMMON_BLOCKS = YES;
				GCC_WARN_64_TO_32_BIT_CONVERSION = YES;
				GCC_WARN_ABOUT_RETURN_TYPE = YES_ERROR;
				GCC_WARN_UNDECLARED_SELECTOR = YES;
				GCC_WARN_UNINITIALIZED_AUTOS = YES_AGGRESSIVE;
				GCC_WARN_UNUSED_FUNCTION = YES;
				GCC_WARN_UNUSED_VARIABLE = YES;
				IPHONEOS_DEPLOYMENT_TARGET = 13.2;
				MTL_ENABLE_DEBUG_INFO = NO;
				MTL_FAST_MATH = YES;
				SDKROOT = iphoneos;
				SWIFT_COMPILATION_MODE = wholemodule;
				SWIFT_OPTIMIZATION_LEVEL = "-O";
				VALIDATE_PRODUCT = YES;
			};
			name = Release;
		};
		BCA16C7F2418802100C9E9A1 /* Debug */ = {
			isa = XCBuildConfiguration;
			baseConfigurationReference = 400BB7A0332F7FBB9FCDFEED /* Pods-endpoint_ping.debug.xcconfig */;
			buildSettings = {
				ASSETCATALOG_COMPILER_APPICON_NAME = AppIcon;
				CODE_SIGN_STYLE = Automatic;
				INFOPLIST_FILE = endpoint_ping/Info.plist;
				LD_RUNPATH_SEARCH_PATHS = (
					"$(inherited)",
					"@executable_path/Frameworks",
				);
				PRODUCT_BUNDLE_IDENTIFIER = "com.syvertsj.endpoint-ping";
				PRODUCT_NAME = "$(TARGET_NAME)";
				SWIFT_VERSION = 5.0;
				TARGETED_DEVICE_FAMILY = "1,2";
			};
			name = Debug;
		};
		BCA16C802418802100C9E9A1 /* Release */ = {
			isa = XCBuildConfiguration;
			baseConfigurationReference = 2E2FBD473A51CC7E789C9E7A /* Pods-endpoint_ping.release.xcconfig */;
			buildSettings = {
				ASSETCATALOG_COMPILER_APPICON_NAME = AppIcon;
				CODE_SIGN_STYLE = Automatic;
				INFOPLIST_FILE = endpoint_ping/Info.plist;
				LD_RUNPATH_SEARCH_PATHS = (
					"$(inherited)",
					"@executable_path/Frameworks",
				);
				PRODUCT_BUNDLE_IDENTIFIER = "com.syvertsj.endpoint-ping";
				PRODUCT_NAME = "$(TARGET_NAME)";
				SWIFT_VERSION = 5.0;
				TARGETED_DEVICE_FAMILY = "1,2";
			};
			name = Release;
		};
		BCA16C822418802100C9E9A1 /* Debug */ = {
			isa = XCBuildConfiguration;
			baseConfigurationReference = CAA42635461C5677650FF3CB /* Pods-endpoint_pingTests.debug.xcconfig */;
			buildSettings = {
				ALWAYS_EMBED_SWIFT_STANDARD_LIBRARIES = YES;
				BUNDLE_LOADER = "$(TEST_HOST)";
				CODE_SIGN_STYLE = Automatic;
				INFOPLIST_FILE = endpoint_pingTests/Info.plist;
				IPHONEOS_DEPLOYMENT_TARGET = 13.2;
				LD_RUNPATH_SEARCH_PATHS = (
					"$(inherited)",
					"@executable_path/Frameworks",
					"@loader_path/Frameworks",
				);
				PRODUCT_BUNDLE_IDENTIFIER = "com.syvertsj.endpoint-pingTests";
				PRODUCT_NAME = "$(TARGET_NAME)";
				SWIFT_VERSION = 5.0;
				TARGETED_DEVICE_FAMILY = "1,2";
				TEST_HOST = "$(BUILT_PRODUCTS_DIR)/endpoint_ping.app/endpoint_ping";
			};
			name = Debug;
		};
		BCA16C832418802100C9E9A1 /* Release */ = {
			isa = XCBuildConfiguration;
			baseConfigurationReference = EFF9A38406B45308A8A46362 /* Pods-endpoint_pingTests.release.xcconfig */;
			buildSettings = {
				ALWAYS_EMBED_SWIFT_STANDARD_LIBRARIES = YES;
				BUNDLE_LOADER = "$(TEST_HOST)";
				CODE_SIGN_STYLE = Automatic;
				INFOPLIST_FILE = endpoint_pingTests/Info.plist;
				IPHONEOS_DEPLOYMENT_TARGET = 13.2;
				LD_RUNPATH_SEARCH_PATHS = (
					"$(inherited)",
					"@executable_path/Frameworks",
					"@loader_path/Frameworks",
				);
				PRODUCT_BUNDLE_IDENTIFIER = "com.syvertsj.endpoint-pingTests";
				PRODUCT_NAME = "$(TARGET_NAME)";
				SWIFT_VERSION = 5.0;
				TARGETED_DEVICE_FAMILY = "1,2";
				TEST_HOST = "$(BUILT_PRODUCTS_DIR)/endpoint_ping.app/endpoint_ping";
			};
			name = Release;
		};
		BCA16C852418802100C9E9A1 /* Debug */ = {
			isa = XCBuildConfiguration;
			baseConfigurationReference = 1D16F74B5F8F3A947607392D /* Pods-endpoint_ping-endpoint_pingUITests.debug.xcconfig */;
			buildSettings = {
				ALWAYS_EMBED_SWIFT_STANDARD_LIBRARIES = YES;
				CODE_SIGN_STYLE = Automatic;
				INFOPLIST_FILE = endpoint_pingUITests/Info.plist;
				LD_RUNPATH_SEARCH_PATHS = (
					"$(inherited)",
					"@executable_path/Frameworks",
					"@loader_path/Frameworks",
				);
				PRODUCT_BUNDLE_IDENTIFIER = "com.syvertsj.endpoint-pingUITests";
				PRODUCT_NAME = "$(TARGET_NAME)";
				SWIFT_VERSION = 5.0;
				TARGETED_DEVICE_FAMILY = "1,2";
				TEST_TARGET_NAME = endpoint_ping;
			};
			name = Debug;
		};
		BCA16C862418802100C9E9A1 /* Release */ = {
			isa = XCBuildConfiguration;
			baseConfigurationReference = B19F73A6EA8858E310A30D1A /* Pods-endpoint_ping-endpoint_pingUITests.release.xcconfig */;
			buildSettings = {
				ALWAYS_EMBED_SWIFT_STANDARD_LIBRARIES = YES;
				CODE_SIGN_STYLE = Automatic;
				INFOPLIST_FILE = endpoint_pingUITests/Info.plist;
				LD_RUNPATH_SEARCH_PATHS = (
					"$(inherited)",
					"@executable_path/Frameworks",
					"@loader_path/Frameworks",
				);
				PRODUCT_BUNDLE_IDENTIFIER = "com.syvertsj.endpoint-pingUITests";
				PRODUCT_NAME = "$(TARGET_NAME)";
				SWIFT_VERSION = 5.0;
				TARGETED_DEVICE_FAMILY = "1,2";
				TEST_TARGET_NAME = endpoint_ping;
			};
			name = Release;
		};
/* End XCBuildConfiguration section */

/* Begin XCConfigurationList section */
		BCA16C4F2418801E00C9E9A1 /* Build configuration list for PBXProject "endpoint_ping" */ = {
			isa = XCConfigurationList;
			buildConfigurations = (
				BCA16C7C2418802100C9E9A1 /* Debug */,
				BCA16C7D2418802100C9E9A1 /* Release */,
			);
			defaultConfigurationIsVisible = 0;
			defaultConfigurationName = Release;
		};
		BCA16C7E2418802100C9E9A1 /* Build configuration list for PBXNativeTarget "endpoint_ping" */ = {
			isa = XCConfigurationList;
			buildConfigurations = (
				BCA16C7F2418802100C9E9A1 /* Debug */,
				BCA16C802418802100C9E9A1 /* Release */,
			);
			defaultConfigurationIsVisible = 0;
			defaultConfigurationName = Release;
		};
		BCA16C812418802100C9E9A1 /* Build configuration list for PBXNativeTarget "endpoint_pingTests" */ = {
			isa = XCConfigurationList;
			buildConfigurations = (
				BCA16C822418802100C9E9A1 /* Debug */,
				BCA16C832418802100C9E9A1 /* Release */,
			);
			defaultConfigurationIsVisible = 0;
			defaultConfigurationName = Release;
		};
		BCA16C842418802100C9E9A1 /* Build configuration list for PBXNativeTarget "endpoint_pingUITests" */ = {
			isa = XCConfigurationList;
			buildConfigurations = (
				BCA16C852418802100C9E9A1 /* Debug */,
				BCA16C862418802100C9E9A1 /* Release */,
			);
			defaultConfigurationIsVisible = 0;
			defaultConfigurationName = Release;
		};
/* End XCConfigurationList section */
	};
	rootObject = BCA16C4C2418801E00C9E9A1 /* Project object */;
}
