// !$*UTF8*$!
{
	archiveVersion = 1;
	classes = {
	};
	objectVersion = 50;
	objects = {

/* Begin PBXBuildFile section */
		BC46851A241BF9CC00A6A5E5 /* AppDelegate.swift in Sources */ = {isa = PBXBuildFile; fileRef = BC468519241BF9CC00A6A5E5 /* AppDelegate.swift */; };
		BC46851C241BF9CC00A6A5E5 /* SceneDelegate.swift in Sources */ = {isa = PBXBuildFile; fileRef = BC46851B241BF9CC00A6A5E5 /* SceneDelegate.swift */; };
		BC46851E241BF9CC00A6A5E5 /* ViewController.swift in Sources */ = {isa = PBXBuildFile; fileRef = BC46851D241BF9CC00A6A5E5 /* ViewController.swift */; };
		BC468521241BF9CC00A6A5E5 /* Main.storyboard in Resources */ = {isa = PBXBuildFile; fileRef = BC46851F241BF9CC00A6A5E5 /* Main.storyboard */; };
		BC468523241BF9CF00A6A5E5 /* Assets.xcassets in Resources */ = {isa = PBXBuildFile; fileRef = BC468522241BF9CF00A6A5E5 /* Assets.xcassets */; };
		BC468526241BF9CF00A6A5E5 /* LaunchScreen.storyboard in Resources */ = {isa = PBXBuildFile; fileRef = BC468524241BF9CF00A6A5E5 /* LaunchScreen.storyboard */; };
/* End PBXBuildFile section */

/* Begin PBXFileReference section */
		BC468516241BF9CC00A6A5E5 /* webkit_browser_engine.app */ = {isa = PBXFileReference; explicitFileType = wrapper.application; includeInIndex = 0; path = webkit_browser_engine.app; sourceTree = BUILT_PRODUCTS_DIR; };
		BC468519241BF9CC00A6A5E5 /* AppDelegate.swift */ = {isa = PBXFileReference; lastKnownFileType = sourcecode.swift; path = AppDelegate.swift; sourceTree = "<group>"; };
		BC46851B241BF9CC00A6A5E5 /* SceneDelegate.swift */ = {isa = PBXFileReference; lastKnownFileType = sourcecode.swift; path = SceneDelegate.swift; sourceTree = "<group>"; };
		BC46851D241BF9CC00A6A5E5 /* ViewController.swift */ = {isa = PBXFileReference; lastKnownFileType = sourcecode.swift; path = ViewController.swift; sourceTree = "<group>"; };
		BC468520241BF9CC00A6A5E5 /* Base */ = {isa = PBXFileReference; lastKnownFileType = file.storyboard; name = Base; path = Base.lproj/Main.storyboard; sourceTree = "<group>"; };
		BC468522241BF9CF00A6A5E5 /* Assets.xcassets */ = {isa = PBXFileReference; lastKnownFileType = folder.assetcatalog; path = Assets.xcassets; sourceTree = "<group>"; };
		BC468525241BF9CF00A6A5E5 /* Base */ = {isa = PBXFileReference; lastKnownFileType = file.storyboard; name = Base; path = Base.lproj/LaunchScreen.storyboard; sourceTree = "<group>"; };
		BC468527241BF9CF00A6A5E5 /* Info.plist */ = {isa = PBXFileReference; lastKnownFileType = text.plist.xml; path = Info.plist; sourceTree = "<group>"; };
/* End PBXFileReference section */

/* Begin PBXFrameworksBuildPhase section */
		BC468513241BF9CC00A6A5E5 /* Frameworks */ = {
			isa = PBXFrameworksBuildPhase;
			buildActionMask = 2147483647;
			files = (
			);
			runOnlyForDeploymentPostprocessing = 0;
		};
/* End PBXFrameworksBuildPhase section */

/* Begin PBXGroup section */
		BC46850D241BF9CC00A6A5E5 = {
			isa = PBXGroup;
			children = (
				BC468518241BF9CC00A6A5E5 /* webkit_browser_engine */,
				BC468517241BF9CC00A6A5E5 /* Products */,
			);
			sourceTree = "<group>";
		};
		BC468517241BF9CC00A6A5E5 /* Products */ = {
			isa = PBXGroup;
			children = (
				BC468516241BF9CC00A6A5E5 /* webkit_browser_engine.app */,
			);
			name = Products;
			sourceTree = "<group>";
		};
		BC468518241BF9CC00A6A5E5 /* webkit_browser_engine */ = {
			isa = PBXGroup;
			children = (
				BC468519241BF9CC00A6A5E5 /* AppDelegate.swift */,
				BC46851B241BF9CC00A6A5E5 /* SceneDelegate.swift */,
				BC46851D241BF9CC00A6A5E5 /* ViewController.swift */,
				BC46851F241BF9CC00A6A5E5 /* Main.storyboard */,
				BC468522241BF9CF00A6A5E5 /* Assets.xcassets */,
				BC468524241BF9CF00A6A5E5 /* LaunchScreen.storyboard */,
				BC468527241BF9CF00A6A5E5 /* Info.plist */,
			);
			path = webkit_browser_engine;
			sourceTree = "<group>";
		};
/* End PBXGroup section */

/* Begin PBXNativeTarget section */
		BC468515241BF9CC00A6A5E5 /* webkit_browser_engine */ = {
			isa = PBXNativeTarget;
			buildConfigurationList = BC46852A241BF9CF00A6A5E5 /* Build configuration list for PBXNativeTarget "webkit_browser_engine" */;
			buildPhases = (
				BC468512241BF9CC00A6A5E5 /* Sources */,
				BC468513241BF9CC00A6A5E5 /* Frameworks */,
				BC468514241BF9CC00A6A5E5 /* Resources */,
			);
			buildRules = (
			);
			dependencies = (
			);
			name = webkit_browser_engine;
			productName = webkit_browser_engine;
			productReference = BC468516241BF9CC00A6A5E5 /* webkit_browser_engine.app */;
			productType = "com.apple.product-type.application";
		};
/* End PBXNativeTarget section */

/* Begin PBXProject section */
		BC46850E241BF9CC00A6A5E5 /* Project object */ = {
			isa = PBXProject;
			attributes = {
				LastSwiftUpdateCheck = 1130;
				LastUpgradeCheck = 1130;
				ORGANIZATIONNAME = "James Syvertsen";
				TargetAttributes = {
					BC468515241BF9CC00A6A5E5 = {
						CreatedOnToolsVersion = 11.3.1;
					};
				};
			};
			buildConfigurationList = BC468511241BF9CC00A6A5E5 /* Build configuration list for PBXProject "webkit_browser_engine" */;
			compatibilityVersion = "Xcode 9.3";
			developmentRegion = en;
			hasScannedForEncodings = 0;
			knownRegions = (
				en,
				Base,
			);
			mainGroup = BC46850D241BF9CC00A6A5E5;
			productRefGroup = BC468517241BF9CC00A6A5E5 /* Products */;
			projectDirPath = "";
			projectRoot = "";
			targets = (
				BC468515241BF9CC00A6A5E5 /* webkit_browser_engine */,
			);
		};
/* End PBXProject section */

/* Begin PBXResourcesBuildPhase section */
		BC468514241BF9CC00A6A5E5 /* Resources */ = {
			isa = PBXResourcesBuildPhase;
			buildActionMask = 2147483647;
			files = (
				BC468526241BF9CF00A6A5E5 /* LaunchScreen.storyboard in Resources */,
				BC468523241BF9CF00A6A5E5 /* Assets.xcassets in Resources */,
				BC468521241BF9CC00A6A5E5 /* Main.storyboard in Resources */,
			);
			runOnlyForDeploymentPostprocessing = 0;
		};
/* End PBXResourcesBuildPhase section */

/* Begin PBXSourcesBuildPhase section */
		BC468512241BF9CC00A6A5E5 /* Sources */ = {
			isa = PBXSourcesBuildPhase;
			buildActionMask = 2147483647;
			files = (
				BC46851E241BF9CC00A6A5E5 /* ViewController.swift in Sources */,
				BC46851A241BF9CC00A6A5E5 /* AppDelegate.swift in Sources */,
				BC46851C241BF9CC00A6A5E5 /* SceneDelegate.swift in Sources */,
			);
			runOnlyForDeploymentPostprocessing = 0;
		};
/* End PBXSourcesBuildPhase section */

/* Begin PBXVariantGroup section */
		BC46851F241BF9CC00A6A5E5 /* Main.storyboard */ = {
			isa = PBXVariantGroup;
			children = (
				BC468520241BF9CC00A6A5E5 /* Base */,
			);
			name = Main.storyboard;
			sourceTree = "<group>";
		};
		BC468524241BF9CF00A6A5E5 /* LaunchScreen.storyboard */ = {
			isa = PBXVariantGroup;
			children = (
				BC468525241BF9CF00A6A5E5 /* Base */,
			);
			name = LaunchScreen.storyboard;
			sourceTree = "<group>";
		};
/* End PBXVariantGroup section */

/* Begin XCBuildConfiguration section */
		BC468528241BF9CF00A6A5E5 /* Debug */ = {
			isa = XCBuildConfiguration;
			buildSettings = {
				ALWAYS_SEARCH_USER_PATHS = NO;
				CLANG_ANALYZER_NONNULL = YES;
				CLANG_ANALYZER_NUMBER_OBJECT_CONVERSION = YES_AGGRESSIVE;
				CLANG_CXX_LANGUAGE_STANDARD = "gnu++14";
				CLANG_CXX_LIBRARY = "libc++";
				CLANG_ENABLE_MODULES = YES;
				CLANG_ENABLE_OBJC_ARC = YES;
				CLANG_ENABLE_OBJC_WEAK = YES;
				CLANG_WARN_BLOCK_CAPTURE_AUTORELEASING = YES;
				CLANG_WARN_BOOL_CONVERSION = YES;
				CLANG_WARN_COMMA = YES;
				CLANG_WARN_CONSTANT_CONVERSION = YES;
				CLANG_WARN_DEPRECATED_OBJC_IMPLEMENTATIONS = YES;
				CLANG_WARN_DIRECT_OBJC_ISA_USAGE = YES_ERROR;
				CLANG_WARN_DOCUMENTATION_COMMENTS = YES;
				CLANG_WARN_EMPTY_BODY = YES;
				CLANG_WARN_ENUM_CONVERSION = YES;
				CLANG_WARN_INFINITE_RECURSION = YES;
				CLANG_WARN_INT_CONVERSION = YES;
				CLANG_WARN_NON_LITERAL_NULL_CONVERSION = YES;
				CLANG_WARN_OBJC_IMPLICIT_RETAIN_SELF = YES;
				CLANG_WARN_OBJC_LITERAL_CONVERSION = YES;
				CLANG_WARN_OBJC_ROOT_CLASS = YES_ERROR;
				CLANG_WARN_RANGE_LOOP_ANALYSIS = YES;
				CLANG_WARN_STRICT_PROTOTYPES = YES;
				CLANG_WARN_SUSPICIOUS_MOVE = YES;
				CLANG_WARN_UNGUARDED_AVAILABILITY = YES_AGGRESSIVE;
				CLANG_WARN_UNREACHABLE_CODE = YES;
				CLANG_WARN__DUPLICATE_METHOD_MATCH = YES;
				COPY_PHASE_STRIP = NO;
				DEBUG_INFORMATION_FORMAT = dwarf;
				ENABLE_STRICT_OBJC_MSGSEND = YES;
				ENABLE_TESTABILITY = YES;
				GCC_C_LANGUAGE_STANDARD = gnu11;
				GCC_DYNAMIC_NO_PIC = NO;
				GCC_NO_COMMON_BLOCKS = YES;
				GCC_OPTIMIZATION_LEVEL = 0;
				GCC_PREPROCESSOR_DEFINITIONS = (
					"DEBUG=1",
					"$(inherited)",
				);
				GCC_WARN_64_TO_32_BIT_CONVERSION = YES;
				GCC_WARN_ABOUT_RETURN_TYPE = YES_ERROR;
				GCC_WARN_UNDECLARED_SELECTOR = YES;
				GCC_WARN_UNINITIALIZED_AUTOS = YES_AGGRESSIVE;
				GCC_WARN_UNUSED_FUNCTION = YES;
				GCC_WARN_UNUSED_VARIABLE = YES;
				IPHONEOS_DEPLOYMENT_TARGET = 13.2;
				MTL_ENABLE_DEBUG_INFO = INCLUDE_SOURCE;
				MTL_FAST_MATH = YES;
				ONLY_ACTIVE_ARCH = YES;
				SDKROOT = iphoneos;
				SWIFT_ACTIVE_COMPILATION_CONDITIONS = DEBUG;
				SWIFT_OPTIMIZATION_LEVEL = "-Onone";
			};
			name = Debug;
		};
		BC468529241BF9CF00A6A5E5 /* Release */ = {
			isa = XCBuildConfiguration;
			buildSettings = {
				ALWAYS_SEARCH_USER_PATHS = NO;
				CLANG_ANALYZER_NONNULL = YES;
				CLANG_ANALYZER_NUMBER_OBJECT_CONVERSION = YES_AGGRESSIVE;
				CLANG_CXX_LANGUAGE_STANDARD = "gnu++14";
				CLANG_CXX_LIBRARY = "libc++";
				CLANG_ENABLE_MODULES = YES;
				CLANG_ENABLE_OBJC_ARC = YES;
				CLANG_ENABLE_OBJC_WEAK = YES;
				CLANG_WARN_BLOCK_CAPTURE_AUTORELEASING = YES;
				CLANG_WARN_BOOL_CONVERSION = YES;
				CLANG_WARN_COMMA = YES;
				CLANG_WARN_CONSTANT_CONVERSION = YES;
				CLANG_WARN_DEPRECATED_OBJC_IMPLEMENTATIONS = YES;
				CLANG_WARN_DIRECT_OBJC_ISA_USAGE = YES_ERROR;
				CLANG_WARN_DOCUMENTATION_COMMENTS = YES;
				CLANG_WARN_EMPTY_BODY = YES;
				CLANG_WARN_ENUM_CONVERSION = YES;
				CLANG_WARN_INFINITE_RECURSION = YES;
				CLANG_WARN_INT_CONVERSION = YES;
				CLANG_WARN_NON_LITERAL_NULL_CONVERSION = YES;
				CLANG_WARN_OBJC_IMPLICIT_RETAIN_SELF = YES;
				CLANG_WARN_OBJC_LITERAL_CONVERSION = YES;
				CLANG_WARN_OBJC_ROOT_CLASS = YES_ERROR;
				CLANG_WARN_RANGE_LOOP_ANALYSIS = YES;
				CLANG_WARN_STRICT_PROTOTYPES = YES;
				CLANG_WARN_SUSPICIOUS_MOVE = YES;
				CLANG_WARN_UNGUARDED_AVAILABILITY = YES_AGGRESSIVE;
				CLANG_WARN_UNREACHABLE_CODE = YES;
				CLANG_WARN__DUPLICATE_METHOD_MATCH = YES;
				COPY_PHASE_STRIP = NO;
				DEBUG_INFORMATION_FORMAT = "dwarf-with-dsym";
				ENABLE_NS_ASSERTIONS = NO;
				ENABLE_STRICT_OBJC_MSGSEND = YES;
				GCC_C_LANGUAGE_STANDARD = gnu11;
				GCC_NO_COMMON_BLOCKS = YES;
				GCC_WARN_64_TO_32_BIT_CONVERSION = YES;
				GCC_WARN_ABOUT_RETURN_TYPE = YES_ERROR;
				GCC_WARN_UNDECLARED_SELECTOR = YES;
				GCC_WARN_UNINITIALIZED_AUTOS = YES_AGGRESSIVE;
				GCC_WARN_UNUSED_FUNCTION = YES;
				GCC_WARN_UNUSED_VARIABLE = YES;
				IPHONEOS_DEPLOYMENT_TARGET = 13.2;
				MTL_ENABLE_DEBUG_INFO = NO;
				MTL_FAST_MATH = YES;
				SDKROOT = iphoneos;
				SWIFT_COMPILATION_MODE = wholemodule;
				SWIFT_OPTIMIZATION_LEVEL = "-O";
				VALIDATE_PRODUCT = YES;
			};
			name = Release;
		};
		BC46852B241BF9CF00A6A5E5 /* Debug */ = {
			isa = XCBuildConfiguration;
			buildSettings = {
				ASSETCATALOG_COMPILER_APPICON_NAME = AppIcon;
				CODE_SIGN_STYLE = Automatic;
				DEVELOPMENT_TEAM = 7P7K4AZ9WQ;
				INFOPLIST_FILE = webkit_browser_engine/Info.plist;
				LD_RUNPATH_SEARCH_PATHS = (
					"$(inherited)",
					"@executable_path/Frameworks",
				);
				PRODUCT_BUNDLE_IDENTIFIER = "com.syvertsj.webkit-browser-engine";
				PRODUCT_NAME = "$(TARGET_NAME)";
				SWIFT_VERSION = 5.0;
				TARGETED_DEVICE_FAMILY = "1,2";
			};
			name = Debug;
		};
		BC46852C241BF9CF00A6A5E5 /* Release */ = {
			isa = XCBuildConfiguration;
			buildSettings = {
				ASSETCATALOG_COMPILER_APPICON_NAME = AppIcon;
				CODE_SIGN_STYLE = Automatic;
				DEVELOPMENT_TEAM = 7P7K4AZ9WQ;
				INFOPLIST_FILE = webkit_browser_engine/Info.plist;
				LD_RUNPATH_SEARCH_PATHS = (
					"$(inherited)",
					"@executable_path/Frameworks",
				);
				PRODUCT_BUNDLE_IDENTIFIER = "com.syvertsj.webkit-browser-engine";
				PRODUCT_NAME = "$(TARGET_NAME)";
				SWIFT_VERSION = 5.0;
				TARGETED_DEVICE_FAMILY = "1,2";
			};
			name = Release;
		};
/* End XCBuildConfiguration section */

/* Begin XCConfigurationList section */
		BC468511241BF9CC00A6A5E5 /* Build configuration list for PBXProject "webkit_browser_engine" */ = {
			isa = XCConfigurationList;
			buildConfigurations = (
				BC468528241BF9CF00A6A5E5 /* Debug */,
				BC468529241BF9CF00A6A5E5 /* Release */,
			);
			defaultConfigurationIsVisible = 0;
			defaultConfigurationName = Release;
		};
		BC46852A241BF9CF00A6A5E5 /* Build configuration list for PBXNativeTarget "webkit_browser_engine" */ = {
			isa = XCConfigurationList;
			buildConfigurations = (
				BC46852B241BF9CF00A6A5E5 /* Debug */,
				BC46852C241BF9CF00A6A5E5 /* Release */,
			);
			defaultConfigurationIsVisible = 0;
			defaultConfigurationName = Release;
		};
/* End XCConfigurationList section */
	};
	rootObject = BC46850E241BF9CC00A6A5E5 /* Project object */;
}
