// !$*UTF8*$!
{
	archiveVersion = 1;
	classes = {
	};
	objectVersion = 51;
	objects = {

/* Begin PBXBuildFile section */
		BC468551241C1E4000A6A5E5 /* AppDelegate.swift in Sources */ = {isa = PBXBuildFile; fileRef = BC468550241C1E4000A6A5E5 /* AppDelegate.swift */; };
		BC468553241C1E4100A6A5E5 /* SceneDelegate.swift in Sources */ = {isa = PBXBuildFile; fileRef = BC468552241C1E4000A6A5E5 /* SceneDelegate.swift */; };
		BC468555241C1E4100A6A5E5 /* ViewController.swift in Sources */ = {isa = PBXBuildFile; fileRef = BC468554241C1E4100A6A5E5 /* ViewController.swift */; };
		BC468558241C1E4100A6A5E5 /* Main.storyboard in Resources */ = {isa = PBXBuildFile; fileRef = BC468556241C1E4100A6A5E5 /* Main.storyboard */; };
		BC46855A241C1E4400A6A5E5 /* Assets.xcassets in Resources */ = {isa = PBXBuildFile; fileRef = BC468559241C1E4400A6A5E5 /* Assets.xcassets */; };
		BC46855D241C1E4400A6A5E5 /* LaunchScreen.storyboard in Resources */ = {isa = PBXBuildFile; fileRef = BC46855B241C1E4400A6A5E5 /* LaunchScreen.storyboard */; };
		E173B8E239DADEFDDD8A3DAF /* Pods_http_request_response.framework in Frameworks */ = {isa = PBXBuildFile; fileRef = 11118B2CD2CDDBC177104FED /* Pods_http_request_response.framework */; };
/* End PBXBuildFile section */

/* Begin PBXFileReference section */
		11118B2CD2CDDBC177104FED /* Pods_http_request_response.framework */ = {isa = PBXFileReference; explicitFileType = wrapper.framework; includeInIndex = 0; path = Pods_http_request_response.framework; sourceTree = BUILT_PRODUCTS_DIR; };
		4D732C67E1A5B1D1A6261E93 /* Pods-http_request_response.debug.xcconfig */ = {isa = PBXFileReference; includeInIndex = 1; lastKnownFileType = text.xcconfig; name = "Pods-http_request_response.debug.xcconfig"; path = "Target Support Files/Pods-http_request_response/Pods-http_request_response.debug.xcconfig"; sourceTree = "<group>"; };
		BC46854D241C1E4000A6A5E5 /* http_request_response.app */ = {isa = PBXFileReference; explicitFileType = wrapper.application; includeInIndex = 0; path = http_request_response.app; sourceTree = BUILT_PRODUCTS_DIR; };
		BC468550241C1E4000A6A5E5 /* AppDelegate.swift */ = {isa = PBXFileReference; lastKnownFileType = sourcecode.swift; path = AppDelegate.swift; sourceTree = "<group>"; };
		BC468552241C1E4000A6A5E5 /* SceneDelegate.swift */ = {isa = PBXFileReference; lastKnownFileType = sourcecode.swift; path = SceneDelegate.swift; sourceTree = "<group>"; };
		BC468554241C1E4100A6A5E5 /* ViewController.swift */ = {isa = PBXFileReference; lastKnownFileType = sourcecode.swift; path = ViewController.swift; sourceTree = "<group>"; };
		BC468557241C1E4100A6A5E5 /* Base */ = {isa = PBXFileReference; lastKnownFileType = file.storyboard; name = Base; path = Base.lproj/Main.storyboard; sourceTree = "<group>"; };
		BC468559241C1E4400A6A5E5 /* Assets.xcassets */ = {isa = PBXFileReference; lastKnownFileType = folder.assetcatalog; path = Assets.xcassets; sourceTree = "<group>"; };
		BC46855C241C1E4400A6A5E5 /* Base */ = {isa = PBXFileReference; lastKnownFileType = file.storyboard; name = Base; path = Base.lproj/LaunchScreen.storyboard; sourceTree = "<group>"; };
		BC46855E241C1E4400A6A5E5 /* Info.plist */ = {isa = PBXFileReference; lastKnownFileType = text.plist.xml; path = Info.plist; sourceTree = "<group>"; };
		CB2ED9F59EEE7A787C7A2614 /* Pods-http_request_response.release.xcconfig */ = {isa = PBXFileReference; includeInIndex = 1; lastKnownFileType = text.xcconfig; name = "Pods-http_request_response.release.xcconfig"; path = "Target Support Files/Pods-http_request_response/Pods-http_request_response.release.xcconfig"; sourceTree = "<group>"; };
/* End PBXFileReference section */

/* Begin PBXFrameworksBuildPhase section */
		BC46854A241C1E4000A6A5E5 /* Frameworks */ = {
			isa = PBXFrameworksBuildPhase;
			buildActionMask = 2147483647;
			files = (
				E173B8E239DADEFDDD8A3DAF /* Pods_http_request_response.framework in Frameworks */,
			);
			runOnlyForDeploymentPostprocessing = 0;
		};
/* End PBXFrameworksBuildPhase section */

/* Begin PBXGroup section */
		172D911C892CE4D69BCD5467 /* Frameworks */ = {
			isa = PBXGroup;
			children = (
				11118B2CD2CDDBC177104FED /* Pods_http_request_response.framework */,
			);
			name = Frameworks;
			sourceTree = "<group>";
		};
		29F33B6DE6D0ECF423D2F74D /* Pods */ = {
			isa = PBXGroup;
			children = (
				4D732C67E1A5B1D1A6261E93 /* Pods-http_request_response.debug.xcconfig */,
				CB2ED9F59EEE7A787C7A2614 /* Pods-http_request_response.release.xcconfig */,
			);
			path = Pods;
			sourceTree = "<group>";
		};
		BC468544241C1E4000A6A5E5 = {
			isa = PBXGroup;
			children = (
				BC46854F241C1E4000A6A5E5 /* http_request_response */,
				BC46854E241C1E4000A6A5E5 /* Products */,
				29F33B6DE6D0ECF423D2F74D /* Pods */,
				172D911C892CE4D69BCD5467 /* Frameworks */,
			);
			sourceTree = "<group>";
		};
		BC46854E241C1E4000A6A5E5 /* Products */ = {
			isa = PBXGroup;
			children = (
				BC46854D241C1E4000A6A5E5 /* http_request_response.app */,
			);
			name = Products;
			sourceTree = "<group>";
		};
		BC46854F241C1E4000A6A5E5 /* http_request_response */ = {
			isa = PBXGroup;
			children = (
				BC468550241C1E4000A6A5E5 /* AppDelegate.swift */,
				BC468552241C1E4000A6A5E5 /* SceneDelegate.swift */,
				BC468554241C1E4100A6A5E5 /* ViewController.swift */,
				BC468556241C1E4100A6A5E5 /* Main.storyboard */,
				BC468559241C1E4400A6A5E5 /* Assets.xcassets */,
				BC46855B241C1E4400A6A5E5 /* LaunchScreen.storyboard */,
				BC46855E241C1E4400A6A5E5 /* Info.plist */,
			);
			path = http_request_response;
			sourceTree = "<group>";
		};
/* End PBXGroup section */

/* Begin PBXNativeTarget section */
		BC46854C241C1E4000A6A5E5 /* http_request_response */ = {
			isa = PBXNativeTarget;
			buildConfigurationList = BC468561241C1E4400A6A5E5 /* Build configuration list for PBXNativeTarget "http_request_response" */;
			buildPhases = (
				C083E92D2808B7E0B14E4899 /* [CP] Check Pods Manifest.lock */,
				BC468549241C1E4000A6A5E5 /* Sources */,
				BC46854A241C1E4000A6A5E5 /* Frameworks */,
				BC46854B241C1E4000A6A5E5 /* Resources */,
				C0A263C1A8431128348F9ACC /* [CP] Embed Pods Frameworks */,
			);
			buildRules = (
			);
			dependencies = (
			);
			name = http_request_response;
			productName = http_request_response;
			productReference = BC46854D241C1E4000A6A5E5 /* http_request_response.app */;
			productType = "com.apple.product-type.application";
		};
/* End PBXNativeTarget section */

/* Begin PBXProject section */
		BC468545241C1E4000A6A5E5 /* Project object */ = {
			isa = PBXProject;
			attributes = {
				LastSwiftUpdateCheck = 1130;
				LastUpgradeCheck = 1130;
				ORGANIZATIONNAME = "James Syvertsen";
				TargetAttributes = {
					BC46854C241C1E4000A6A5E5 = {
						CreatedOnToolsVersion = 11.3.1;
					};
				};
			};
			buildConfigurationList = BC468548241C1E4000A6A5E5 /* Build configuration list for PBXProject "http_request_response" */;
			compatibilityVersion = "Xcode 9.3";
			developmentRegion = en;
			hasScannedForEncodings = 0;
			knownRegions = (
				en,
				Base,
			);
			mainGroup = BC468544241C1E4000A6A5E5;
			productRefGroup = BC46854E241C1E4000A6A5E5 /* Products */;
			projectDirPath = "";
			projectRoot = "";
			targets = (
				BC46854C241C1E4000A6A5E5 /* http_request_response */,
			);
		};
/* End PBXProject section */

/* Begin PBXResourcesBuildPhase section */
		BC46854B241C1E4000A6A5E5 /* Resources */ = {
			isa = PBXResourcesBuildPhase;
			buildActionMask = 2147483647;
			files = (
				BC46855D241C1E4400A6A5E5 /* LaunchScreen.storyboard in Resources */,
				BC46855A241C1E4400A6A5E5 /* Assets.xcassets in Resources */,
				BC468558241C1E4100A6A5E5 /* Main.storyboard in Resources */,
			);
			runOnlyForDeploymentPostprocessing = 0;
		};
/* End PBXResourcesBuildPhase section */

/* Begin PBXShellScriptBuildPhase section */
		C083E92D2808B7E0B14E4899 /* [CP] Check Pods Manifest.lock */ = {
			isa = PBXShellScriptBuildPhase;
			buildActionMask = 2147483647;
			files = (
			);
			inputFileListPaths = (
			);
			inputPaths = (
				"${PODS_PODFILE_DIR_PATH}/Podfile.lock",
				"${PODS_ROOT}/Manifest.lock",
			);
			name = "[CP] Check Pods Manifest.lock";
			outputFileListPaths = (
			);
			outputPaths = (
				"$(DERIVED_FILE_DIR)/Pods-http_request_response-checkManifestLockResult.txt",
			);
			runOnlyForDeploymentPostprocessing = 0;
			shellPath = /bin/sh;
			shellScript = "diff \"${PODS_PODFILE_DIR_PATH}/Podfile.lock\" \"${PODS_ROOT}/Manifest.lock\" > /dev/null\nif [ $? != 0 ] ; then\n    # print error to STDERR\n    echo \"error: The sandbox is not in sync with the Podfile.lock. Run 'pod install' or update your CocoaPods installation.\" >&2\n    exit 1\nfi\n# This output is used by Xcode 'outputs' to avoid re-running this script phase.\necho \"SUCCESS\" > \"${SCRIPT_OUTPUT_FILE_0}\"\n";
			showEnvVarsInLog = 0;
		};
		C0A263C1A8431128348F9ACC /* [CP] Embed Pods Frameworks */ = {
			isa = PBXShellScriptBuildPhase;
			buildActionMask = 2147483647;
			files = (
			);
			inputFileListPaths = (
				"${PODS_ROOT}/Target Support Files/Pods-http_request_response/Pods-http_request_response-frameworks-${CONFIGURATION}-input-files.xcfilelist",
			);
			name = "[CP] Embed Pods Frameworks";
			outputFileListPaths = (
				"${PODS_ROOT}/Target Support Files/Pods-http_request_response/Pods-http_request_response-frameworks-${CONFIGURATION}-output-files.xcfilelist",
			);
			runOnlyForDeploymentPostprocessing = 0;
			shellPath = /bin/sh;
			shellScript = "\"${PODS_ROOT}/Target Support Files/Pods-http_request_response/Pods-http_request_response-frameworks.sh\"\n";
			showEnvVarsInLog = 0;
		};
/* End PBXShellScriptBuildPhase section */

/* Begin PBXSourcesBuildPhase section */
		BC468549241C1E4000A6A5E5 /* Sources */ = {
			isa = PBXSourcesBuildPhase;
			buildActionMask = 2147483647;
			files = (
				BC468555241C1E4100A6A5E5 /* ViewController.swift in Sources */,
				BC468551241C1E4000A6A5E5 /* AppDelegate.swift in Sources */,
				BC468553241C1E4100A6A5E5 /* SceneDelegate.swift in Sources */,
			);
			runOnlyForDeploymentPostprocessing = 0;
		};
/* End PBXSourcesBuildPhase section */

/* Begin PBXVariantGroup section */
		BC468556241C1E4100A6A5E5 /* Main.storyboard */ = {
			isa = PBXVariantGroup;
			children = (
				BC468557241C1E4100A6A5E5 /* Base */,
			);
			name = Main.storyboard;
			sourceTree = "<group>";
		};
		BC46855B241C1E4400A6A5E5 /* LaunchScreen.storyboard */ = {
			isa = PBXVariantGroup;
			children = (
				BC46855C241C1E4400A6A5E5 /* Base */,
			);
			name = LaunchScreen.storyboard;
			sourceTree = "<group>";
		};
/* End PBXVariantGroup section */

/* Begin XCBuildConfiguration section */
		BC46855F241C1E4400A6A5E5 /* Debug */ = {
			isa = XCBuildConfiguration;
			buildSettings = {
				ALWAYS_SEARCH_USER_PATHS = NO;
				CLANG_ANALYZER_NONNULL = YES;
				CLANG_ANALYZER_NUMBER_OBJECT_CONVERSION = YES_AGGRESSIVE;
				CLANG_CXX_LANGUAGE_STANDARD = "gnu++14";
				CLANG_CXX_LIBRARY = "libc++";
				CLANG_ENABLE_MODULES = YES;
				CLANG_ENABLE_OBJC_ARC = YES;
				CLANG_ENABLE_OBJC_WEAK = YES;
				CLANG_WARN_BLOCK_CAPTURE_AUTORELEASING = YES;
				CLANG_WARN_BOOL_CONVERSION = YES;
				CLANG_WARN_COMMA = YES;
				CLANG_WARN_CONSTANT_CONVERSION = YES;
				CLANG_WARN_DEPRECATED_OBJC_IMPLEMENTATIONS = YES;
				CLANG_WARN_DIRECT_OBJC_ISA_USAGE = YES_ERROR;
				CLANG_WARN_DOCUMENTATION_COMMENTS = YES;
				CLANG_WARN_EMPTY_BODY = YES;
				CLANG_WARN_ENUM_CONVERSION = YES;
				CLANG_WARN_INFINITE_RECURSION = YES;
				CLANG_WARN_INT_CONVERSION = YES;
				CLANG_WARN_NON_LITERAL_NULL_CONVERSION = YES;
				CLANG_WARN_OBJC_IMPLICIT_RETAIN_SELF = YES;
				CLANG_WARN_OBJC_LITERAL_CONVERSION = YES;
				CLANG_WARN_OBJC_ROOT_CLASS = YES_ERROR;
				CLANG_WARN_RANGE_LOOP_ANALYSIS = YES;
				CLANG_WARN_STRICT_PROTOTYPES = YES;
				CLANG_WARN_SUSPICIOUS_MOVE = YES;
				CLANG_WARN_UNGUARDED_AVAILABILITY = YES_AGGRESSIVE;
				CLANG_WARN_UNREACHABLE_CODE = YES;
				CLANG_WARN__DUPLICATE_METHOD_MATCH = YES;
				COPY_PHASE_STRIP = NO;
				DEBUG_INFORMATION_FORMAT = dwarf;
				ENABLE_STRICT_OBJC_MSGSEND = YES;
				ENABLE_TESTABILITY = YES;
				GCC_C_LANGUAGE_STANDARD = gnu11;
				GCC_DYNAMIC_NO_PIC = NO;
				GCC_NO_COMMON_BLOCKS = YES;
				GCC_OPTIMIZATION_LEVEL = 0;
				GCC_PREPROCESSOR_DEFINITIONS = (
					"DEBUG=1",
					"$(inherited)",
				);
				GCC_WARN_64_TO_32_BIT_CONVERSION = YES;
				GCC_WARN_ABOUT_RETURN_TYPE = YES_ERROR;
				GCC_WARN_UNDECLARED_SELECTOR = YES;
				GCC_WARN_UNINITIALIZED_AUTOS = YES_AGGRESSIVE;
				GCC_WARN_UNUSED_FUNCTION = YES;
				GCC_WARN_UNUSED_VARIABLE = YES;
				IPHONEOS_DEPLOYMENT_TARGET = 13.2;
				MTL_ENABLE_DEBUG_INFO = INCLUDE_SOURCE;
				MTL_FAST_MATH = YES;
				ONLY_ACTIVE_ARCH = YES;
				SDKROOT = iphoneos;
				SWIFT_ACTIVE_COMPILATION_CONDITIONS = DEBUG;
				SWIFT_OPTIMIZATION_LEVEL = "-Onone";
			};
			name = Debug;
		};
		BC468560241C1E4400A6A5E5 /* Release */ = {
			isa = XCBuildConfiguration;
			buildSettings = {
				ALWAYS_SEARCH_USER_PATHS = NO;
				CLANG_ANALYZER_NONNULL = YES;
				CLANG_ANALYZER_NUMBER_OBJECT_CONVERSION = YES_AGGRESSIVE;
				CLANG_CXX_LANGUAGE_STANDARD = "gnu++14";
				CLANG_CXX_LIBRARY = "libc++";
				CLANG_ENABLE_MODULES = YES;
				CLANG_ENABLE_OBJC_ARC = YES;
				CLANG_ENABLE_OBJC_WEAK = YES;
				CLANG_WARN_BLOCK_CAPTURE_AUTORELEASING = YES;
				CLANG_WARN_BOOL_CONVERSION = YES;
				CLANG_WARN_COMMA = YES;
				CLANG_WARN_CONSTANT_CONVERSION = YES;
				CLANG_WARN_DEPRECATED_OBJC_IMPLEMENTATIONS = YES;
				CLANG_WARN_DIRECT_OBJC_ISA_USAGE = YES_ERROR;
				CLANG_WARN_DOCUMENTATION_COMMENTS = YES;
				CLANG_WARN_EMPTY_BODY = YES;
				CLANG_WARN_ENUM_CONVERSION = YES;
				CLANG_WARN_INFINITE_RECURSION = YES;
				CLANG_WARN_INT_CONVERSION = YES;
				CLANG_WARN_NON_LITERAL_NULL_CONVERSION = YES;
				CLANG_WARN_OBJC_IMPLICIT_RETAIN_SELF = YES;
				CLANG_WARN_OBJC_LITERAL_CONVERSION = YES;
				CLANG_WARN_OBJC_ROOT_CLASS = YES_ERROR;
				CLANG_WARN_RANGE_LOOP_ANALYSIS = YES;
				CLANG_WARN_STRICT_PROTOTYPES = YES;
				CLANG_WARN_SUSPICIOUS_MOVE = YES;
				CLANG_WARN_UNGUARDED_AVAILABILITY = YES_AGGRESSIVE;
				CLANG_WARN_UNREACHABLE_CODE = YES;
				CLANG_WARN__DUPLICATE_METHOD_MATCH = YES;
				COPY_PHASE_STRIP = NO;
				DEBUG_INFORMATION_FORMAT = "dwarf-with-dsym";
				ENABLE_NS_ASSERTIONS = NO;
				ENABLE_STRICT_OBJC_MSGSEND = YES;
				GCC_C_LANGUAGE_STANDARD = gnu11;
				GCC_NO_COMMON_BLOCKS = YES;
				GCC_WARN_64_TO_32_BIT_CONVERSION = YES;
				GCC_WARN_ABOUT_RETURN_TYPE = YES_ERROR;
				GCC_WARN_UNDECLARED_SELECTOR = YES;
				GCC_WARN_UNINITIALIZED_AUTOS = YES_AGGRESSIVE;
				GCC_WARN_UNUSED_FUNCTION = YES;
				GCC_WARN_UNUSED_VARIABLE = YES;
				IPHONEOS_DEPLOYMENT_TARGET = 13.2;
				MTL_ENABLE_DEBUG_INFO = NO;
				MTL_FAST_MATH = YES;
				SDKROOT = iphoneos;
				SWIFT_COMPILATION_MODE = wholemodule;
				SWIFT_OPTIMIZATION_LEVEL = "-O";
				VALIDATE_PRODUCT = YES;
			};
			name = Release;
		};
		BC468562241C1E4400A6A5E5 /* Debug */ = {
			isa = XCBuildConfiguration;
			baseConfigurationReference = 4D732C67E1A5B1D1A6261E93 /* Pods-http_request_response.debug.xcconfig */;
			buildSettings = {
				ASSETCATALOG_COMPILER_APPICON_NAME = AppIcon;
				CODE_SIGN_STYLE = Automatic;
				DEVELOPMENT_TEAM = 7P7K4AZ9WQ;
				INFOPLIST_FILE = http_request_response/Info.plist;
				LD_RUNPATH_SEARCH_PATHS = (
					"$(inherited)",
					"@executable_path/Frameworks",
				);
				PRODUCT_BUNDLE_IDENTIFIER = "com.syvertsj.http-request-response";
				PRODUCT_NAME = "$(TARGET_NAME)";
				SWIFT_VERSION = 5.0;
				TARGETED_DEVICE_FAMILY = "1,2";
			};
			name = Debug;
		};
		BC468563241C1E4400A6A5E5 /* Release */ = {
			isa = XCBuildConfiguration;
			baseConfigurationReference = CB2ED9F59EEE7A787C7A2614 /* Pods-http_request_response.release.xcconfig */;
			buildSettings = {
				ASSETCATALOG_COMPILER_APPICON_NAME = AppIcon;
				CODE_SIGN_STYLE = Automatic;
				DEVELOPMENT_TEAM = 7P7K4AZ9WQ;
				INFOPLIST_FILE = http_request_response/Info.plist;
				LD_RUNPATH_SEARCH_PATHS = (
					"$(inherited)",
					"@executable_path/Frameworks",
				);
				PRODUCT_BUNDLE_IDENTIFIER = "com.syvertsj.http-request-response";
				PRODUCT_NAME = "$(TARGET_NAME)";
				SWIFT_VERSION = 5.0;
				TARGETED_DEVICE_FAMILY = "1,2";
			};
			name = Release;
		};
/* End XCBuildConfiguration section */

/* Begin XCConfigurationList section */
		BC468548241C1E4000A6A5E5 /* Build configuration list for PBXProject "http_request_response" */ = {
			isa = XCConfigurationList;
			buildConfigurations = (
				BC46855F241C1E4400A6A5E5 /* Debug */,
				BC468560241C1E4400A6A5E5 /* Release */,
			);
			defaultConfigurationIsVisible = 0;
			defaultConfigurationName = Release;
		};
		BC468561241C1E4400A6A5E5 /* Build configuration list for PBXNativeTarget "http_request_response" */ = {
			isa = XCConfigurationList;
			buildConfigurations = (
				BC468562241C1E4400A6A5E5 /* Debug */,
				BC468563241C1E4400A6A5E5 /* Release */,
			);
			defaultConfigurationIsVisible = 0;
			defaultConfigurationName = Release;
		};
/* End XCConfigurationList section */
	};
	rootObject = BC468545241C1E4000A6A5E5 /* Project object */;
}
