// !$*UTF8*$!
{
	archiveVersion = 1;
	classes = {
	};
	objectVersion = 50;
	objects = {

/* Begin PBXBuildFile section */
		BC2976AB241EAA8200590B50 /* AppDelegate.swift in Sources */ = {isa = PBXBuildFile; fileRef = BC2976AA241EAA8200590B50 /* AppDelegate.swift */; };
		BC2976AD241EAA8200590B50 /* SceneDelegate.swift in Sources */ = {isa = PBXBuildFile; fileRef = BC2976AC241EAA8200590B50 /* SceneDelegate.swift */; };
		BC2976AF241EAA8200590B50 /* ViewController.swift in Sources */ = {isa = PBXBuildFile; fileRef = BC2976AE241EAA8200590B50 /* ViewController.swift */; };
		BC2976B2241EAA8200590B50 /* Main.storyboard in Resources */ = {isa = PBXBuildFile; fileRef = BC2976B0241EAA8200590B50 /* Main.storyboard */; };
		BC2976B4241EAA8500590B50 /* Assets.xcassets in Resources */ = {isa = PBXBuildFile; fileRef = BC2976B3241EAA8500590B50 /* Assets.xcassets */; };
		BC2976B7241EAA8500590B50 /* LaunchScreen.storyboard in Resources */ = {isa = PBXBuildFile; fileRef = BC2976B5241EAA8500590B50 /* LaunchScreen.storyboard */; };
		BC2976C2241EAA8500590B50 /* MiniXCTestTests.swift in Sources */ = {isa = PBXBuildFile; fileRef = BC2976C1241EAA8500590B50 /* MiniXCTestTests.swift */; };
		BC2976CD241EAA8500590B50 /* MiniXCTestUITests.swift in Sources */ = {isa = PBXBuildFile; fileRef = BC2976CC241EAA8500590B50 /* MiniXCTestUITests.swift */; };
/* End PBXBuildFile section */

/* Begin PBXContainerItemProxy section */
		BC2976BE241EAA8500590B50 /* PBXContainerItemProxy */ = {
			isa = PBXContainerItemProxy;
			containerPortal = BC29769F241EAA8200590B50 /* Project object */;
			proxyType = 1;
			remoteGlobalIDString = BC2976A6241EAA8200590B50;
			remoteInfo = MiniXCTest;
		};
		BC2976C9241EAA8500590B50 /* PBXContainerItemProxy */ = {
			isa = PBXContainerItemProxy;
			containerPortal = BC29769F241EAA8200590B50 /* Project object */;
			proxyType = 1;
			remoteGlobalIDString = BC2976A6241EAA8200590B50;
			remoteInfo = MiniXCTest;
		};
/* End PBXContainerItemProxy section */

/* Begin PBXFileReference section */
		BC2976A7241EAA8200590B50 /* MiniXCTest.app */ = {isa = PBXFileReference; explicitFileType = wrapper.application; includeInIndex = 0; path = MiniXCTest.app; sourceTree = BUILT_PRODUCTS_DIR; };
		BC2976AA241EAA8200590B50 /* AppDelegate.swift */ = {isa = PBXFileReference; lastKnownFileType = sourcecode.swift; path = AppDelegate.swift; sourceTree = "<group>"; };
		BC2976AC241EAA8200590B50 /* SceneDelegate.swift */ = {isa = PBXFileReference; lastKnownFileType = sourcecode.swift; path = SceneDelegate.swift; sourceTree = "<group>"; };
		BC2976AE241EAA8200590B50 /* ViewController.swift */ = {isa = PBXFileReference; lastKnownFileType = sourcecode.swift; path = ViewController.swift; sourceTree = "<group>"; };
		BC2976B1241EAA8200590B50 /* Base */ = {isa = PBXFileReference; lastKnownFileType = file.storyboard; name = Base; path = Base.lproj/Main.storyboard; sourceTree = "<group>"; };
		BC2976B3241EAA8500590B50 /* Assets.xcassets */ = {isa = PBXFileReference; lastKnownFileType = folder.assetcatalog; path = Assets.xcassets; sourceTree = "<group>"; };
		BC2976B6241EAA8500590B50 /* Base */ = {isa = PBXFileReference; lastKnownFileType = file.storyboard; name = Base; path = Base.lproj/LaunchScreen.storyboard; sourceTree = "<group>"; };
		BC2976B8241EAA8500590B50 /* Info.plist */ = {isa = PBXFileReference; lastKnownFileType = text.plist.xml; path = Info.plist; sourceTree = "<group>"; };
		BC2976BD241EAA8500590B50 /* MiniXCTestTests.xctest */ = {isa = PBXFileReference; explicitFileType = wrapper.cfbundle; includeInIndex = 0; path = MiniXCTestTests.xctest; sourceTree = BUILT_PRODUCTS_DIR; };
		BC2976C1241EAA8500590B50 /* MiniXCTestTests.swift */ = {isa = PBXFileReference; lastKnownFileType = sourcecode.swift; path = MiniXCTestTests.swift; sourceTree = "<group>"; };
		BC2976C3241EAA8500590B50 /* Info.plist */ = {isa = PBXFileReference; lastKnownFileType = text.plist.xml; path = Info.plist; sourceTree = "<group>"; };
		BC2976C8241EAA8500590B50 /* MiniXCTestUITests.xctest */ = {isa = PBXFileReference; explicitFileType = wrapper.cfbundle; includeInIndex = 0; path = MiniXCTestUITests.xctest; sourceTree = BUILT_PRODUCTS_DIR; };
		BC2976CC241EAA8500590B50 /* MiniXCTestUITests.swift */ = {isa = PBXFileReference; lastKnownFileType = sourcecode.swift; path = MiniXCTestUITests.swift; sourceTree = "<group>"; };
		BC2976CE241EAA8500590B50 /* Info.plist */ = {isa = PBXFileReference; lastKnownFileType = text.plist.xml; path = Info.plist; sourceTree = "<group>"; };
/* End PBXFileReference section */

/* Begin PBXFrameworksBuildPhase section */
		BC2976A4241EAA8200590B50 /* Frameworks */ = {
			isa = PBXFrameworksBuildPhase;
			buildActionMask = 2147483647;
			files = (
			);
			runOnlyForDeploymentPostprocessing = 0;
		};
		BC2976BA241EAA8500590B50 /* Frameworks */ = {
			isa = PBXFrameworksBuildPhase;
			buildActionMask = 2147483647;
			files = (
			);
			runOnlyForDeploymentPostprocessing = 0;
		};
		BC2976C5241EAA8500590B50 /* Frameworks */ = {
			isa = PBXFrameworksBuildPhase;
			buildActionMask = 2147483647;
			files = (
			);
			runOnlyForDeploymentPostprocessing = 0;
		};
/* End PBXFrameworksBuildPhase section */

/* Begin PBXGroup section */
		BC29769E241EAA8200590B50 = {
			isa = PBXGroup;
			children = (
				BC2976A9241EAA8200590B50 /* MiniXCTest */,
				BC2976C0241EAA8500590B50 /* MiniXCTestTests */,
				BC2976CB241EAA8500590B50 /* MiniXCTestUITests */,
				BC2976A8241EAA8200590B50 /* Products */,
			);
			sourceTree = "<group>";
		};
		BC2976A8241EAA8200590B50 /* Products */ = {
			isa = PBXGroup;
			children = (
				BC2976A7241EAA8200590B50 /* MiniXCTest.app */,
				BC2976BD241EAA8500590B50 /* MiniXCTestTests.xctest */,
				BC2976C8241EAA8500590B50 /* MiniXCTestUITests.xctest */,
			);
			name = Products;
			sourceTree = "<group>";
		};
		BC2976A9241EAA8200590B50 /* MiniXCTest */ = {
			isa = PBXGroup;
			children = (
				BC2976AA241EAA8200590B50 /* AppDelegate.swift */,
				BC2976AC241EAA8200590B50 /* SceneDelegate.swift */,
				BC2976AE241EAA8200590B50 /* ViewController.swift */,
				BC2976B0241EAA8200590B50 /* Main.storyboard */,
				BC2976B3241EAA8500590B50 /* Assets.xcassets */,
				BC2976B5241EAA8500590B50 /* LaunchScreen.storyboard */,
				BC2976B8241EAA8500590B50 /* Info.plist */,
			);
			path = MiniXCTest;
			sourceTree = "<group>";
		};
		BC2976C0241EAA8500590B50 /* MiniXCTestTests */ = {
			isa = PBXGroup;
			children = (
				BC2976C1241EAA8500590B50 /* MiniXCTestTests.swift */,
				BC2976C3241EAA8500590B50 /* Info.plist */,
			);
			path = MiniXCTestTests;
			sourceTree = "<group>";
		};
		BC2976CB241EAA8500590B50 /* MiniXCTestUITests */ = {
			isa = PBXGroup;
			children = (
				BC2976CC241EAA8500590B50 /* MiniXCTestUITests.swift */,
				BC2976CE241EAA8500590B50 /* Info.plist */,
			);
			path = MiniXCTestUITests;
			sourceTree = "<group>";
		};
/* End PBXGroup section */

/* Begin PBXNativeTarget section */
		BC2976A6241EAA8200590B50 /* MiniXCTest */ = {
			isa = PBXNativeTarget;
			buildConfigurationList = BC2976D1241EAA8500590B50 /* Build configuration list for PBXNativeTarget "MiniXCTest" */;
			buildPhases = (
				BC2976A3241EAA8200590B50 /* Sources */,
				BC2976A4241EAA8200590B50 /* Frameworks */,
				BC2976A5241EAA8200590B50 /* Resources */,
			);
			buildRules = (
			);
			dependencies = (
			);
			name = MiniXCTest;
			productName = MiniXCTest;
			productReference = BC2976A7241EAA8200590B50 /* MiniXCTest.app */;
			productType = "com.apple.product-type.application";
		};
		BC2976BC241EAA8500590B50 /* MiniXCTestTests */ = {
			isa = PBXNativeTarget;
			buildConfigurationList = BC2976D4241EAA8500590B50 /* Build configuration list for PBXNativeTarget "MiniXCTestTests" */;
			buildPhases = (
				BC2976B9241EAA8500590B50 /* Sources */,
				BC2976BA241EAA8500590B50 /* Frameworks */,
				BC2976BB241EAA8500590B50 /* Resources */,
			);
			buildRules = (
			);
			dependencies = (
				BC2976BF241EAA8500590B50 /* PBXTargetDependency */,
			);
			name = MiniXCTestTests;
			productName = MiniXCTestTests;
			productReference = BC2976BD241EAA8500590B50 /* MiniXCTestTests.xctest */;
			productType = "com.apple.product-type.bundle.unit-test";
		};
		BC2976C7241EAA8500590B50 /* MiniXCTestUITests */ = {
			isa = PBXNativeTarget;
			buildConfigurationList = BC2976D7241EAA8500590B50 /* Build configuration list for PBXNativeTarget "MiniXCTestUITests" */;
			buildPhases = (
				BC2976C4241EAA8500590B50 /* Sources */,
				BC2976C5241EAA8500590B50 /* Frameworks */,
				BC2976C6241EAA8500590B50 /* Resources */,
			);
			buildRules = (
			);
			dependencies = (
				BC2976CA241EAA8500590B50 /* PBXTargetDependency */,
			);
			name = MiniXCTestUITests;
			productName = MiniXCTestUITests;
			productReference = BC2976C8241EAA8500590B50 /* MiniXCTestUITests.xctest */;
			productType = "com.apple.product-type.bundle.ui-testing";
		};
/* End PBXNativeTarget section */

/* Begin PBXProject section */
		BC29769F241EAA8200590B50 /* Project object */ = {
			isa = PBXProject;
			attributes = {
				LastSwiftUpdateCheck = 1130;
				LastUpgradeCheck = 1130;
				ORGANIZATIONNAME = "James Syvertsen";
				TargetAttributes = {
					BC2976A6241EAA8200590B50 = {
						CreatedOnToolsVersion = 11.3.1;
					};
					BC2976BC241EAA8500590B50 = {
						CreatedOnToolsVersion = 11.3.1;
						TestTargetID = BC2976A6241EAA8200590B50;
					};
					BC2976C7241EAA8500590B50 = {
						CreatedOnToolsVersion = 11.3.1;
						TestTargetID = BC2976A6241EAA8200590B50;
					};
				};
			};
			buildConfigurationList = BC2976A2241EAA8200590B50 /* Build configuration list for PBXProject "MiniXCTest" */;
			compatibilityVersion = "Xcode 9.3";
			developmentRegion = en;
			hasScannedForEncodings = 0;
			knownRegions = (
				en,
				Base,
			);
			mainGroup = BC29769E241EAA8200590B50;
			productRefGroup = BC2976A8241EAA8200590B50 /* Products */;
			projectDirPath = "";
			projectRoot = "";
			targets = (
				BC2976A6241EAA8200590B50 /* MiniXCTest */,
				BC2976BC241EAA8500590B50 /* MiniXCTestTests */,
				BC2976C7241EAA8500590B50 /* MiniXCTestUITests */,
			);
		};
/* End PBXProject section */

/* Begin PBXResourcesBuildPhase section */
		BC2976A5241EAA8200590B50 /* Resources */ = {
			isa = PBXResourcesBuildPhase;
			buildActionMask = 2147483647;
			files = (
				BC2976B7241EAA8500590B50 /* LaunchScreen.storyboard in Resources */,
				BC2976B4241EAA8500590B50 /* Assets.xcassets in Resources */,
				BC2976B2241EAA8200590B50 /* Main.storyboard in Resources */,
			);
			runOnlyForDeploymentPostprocessing = 0;
		};
		BC2976BB241EAA8500590B50 /* Resources */ = {
			isa = PBXResourcesBuildPhase;
			buildActionMask = 2147483647;
			files = (
			);
			runOnlyForDeploymentPostprocessing = 0;
		};
		BC2976C6241EAA8500590B50 /* Resources */ = {
			isa = PBXResourcesBuildPhase;
			buildActionMask = 2147483647;
			files = (
			);
			runOnlyForDeploymentPostprocessing = 0;
		};
/* End PBXResourcesBuildPhase section */

/* Begin PBXSourcesBuildPhase section */
		BC2976A3241EAA8200590B50 /* Sources */ = {
			isa = PBXSourcesBuildPhase;
			buildActionMask = 2147483647;
			files = (
				BC2976AF241EAA8200590B50 /* ViewController.swift in Sources */,
				BC2976AB241EAA8200590B50 /* AppDelegate.swift in Sources */,
				BC2976AD241EAA8200590B50 /* SceneDelegate.swift in Sources */,
			);
			runOnlyForDeploymentPostprocessing = 0;
		};
		BC2976B9241EAA8500590B50 /* Sources */ = {
			isa = PBXSourcesBuildPhase;
			buildActionMask = 2147483647;
			files = (
				BC2976C2241EAA8500590B50 /* MiniXCTestTests.swift in Sources */,
			);
			runOnlyForDeploymentPostprocessing = 0;
		};
		BC2976C4241EAA8500590B50 /* Sources */ = {
			isa = PBXSourcesBuildPhase;
			buildActionMask = 2147483647;
			files = (
				BC2976CD241EAA8500590B50 /* MiniXCTestUITests.swift in Sources */,
			);
			runOnlyForDeploymentPostprocessing = 0;
		};
/* End PBXSourcesBuildPhase section */

/* Begin PBXTargetDependency section */
		BC2976BF241EAA8500590B50 /* PBXTargetDependency */ = {
			isa = PBXTargetDependency;
			target = BC2976A6241EAA8200590B50 /* MiniXCTest */;
			targetProxy = BC2976BE241EAA8500590B50 /* PBXContainerItemProxy */;
		};
		BC2976CA241EAA8500590B50 /* PBXTargetDependency */ = {
			isa = PBXTargetDependency;
			target = BC2976A6241EAA8200590B50 /* MiniXCTest */;
			targetProxy = BC2976C9241EAA8500590B50 /* PBXContainerItemProxy */;
		};
/* End PBXTargetDependency section */

/* Begin PBXVariantGroup section */
		BC2976B0241EAA8200590B50 /* Main.storyboard */ = {
			isa = PBXVariantGroup;
			children = (
				BC2976B1241EAA8200590B50 /* Base */,
			);
			name = Main.storyboard;
			sourceTree = "<group>";
		};
		BC2976B5241EAA8500590B50 /* LaunchScreen.storyboard */ = {
			isa = PBXVariantGroup;
			children = (
				BC2976B6241EAA8500590B50 /* Base */,
			);
			name = LaunchScreen.storyboard;
			sourceTree = "<group>";
		};
/* End PBXVariantGroup section */

/* Begin XCBuildConfiguration section */
		BC2976CF241EAA8500590B50 /* Debug */ = {
			isa = XCBuildConfiguration;
			buildSettings = {
				ALWAYS_SEARCH_USER_PATHS = NO;
				CLANG_ANALYZER_NONNULL = YES;
				CLANG_ANALYZER_NUMBER_OBJECT_CONVERSION = YES_AGGRESSIVE;
				CLANG_CXX_LANGUAGE_STANDARD = "gnu++14";
				CLANG_CXX_LIBRARY = "libc++";
				CLANG_ENABLE_MODULES = YES;
				CLANG_ENABLE_OBJC_ARC = YES;
				CLANG_ENABLE_OBJC_WEAK = YES;
				CLANG_WARN_BLOCK_CAPTURE_AUTORELEASING = YES;
				CLANG_WARN_BOOL_CONVERSION = YES;
				CLANG_WARN_COMMA = YES;
				CLANG_WARN_CONSTANT_CONVERSION = YES;
				CLANG_WARN_DEPRECATED_OBJC_IMPLEMENTATIONS = YES;
				CLANG_WARN_DIRECT_OBJC_ISA_USAGE = YES_ERROR;
				CLANG_WARN_DOCUMENTATION_COMMENTS = YES;
				CLANG_WARN_EMPTY_BODY = YES;
				CLANG_WARN_ENUM_CONVERSION = YES;
				CLANG_WARN_INFINITE_RECURSION = YES;
				CLANG_WARN_INT_CONVERSION = YES;
				CLANG_WARN_NON_LITERAL_NULL_CONVERSION = YES;
				CLANG_WARN_OBJC_IMPLICIT_RETAIN_SELF = YES;
				CLANG_WARN_OBJC_LITERAL_CONVERSION = YES;
				CLANG_WARN_OBJC_ROOT_CLASS = YES_ERROR;
				CLANG_WARN_RANGE_LOOP_ANALYSIS = YES;
				CLANG_WARN_STRICT_PROTOTYPES = YES;
				CLANG_WARN_SUSPICIOUS_MOVE = YES;
				CLANG_WARN_UNGUARDED_AVAILABILITY = YES_AGGRESSIVE;
				CLANG_WARN_UNREACHABLE_CODE = YES;
				CLANG_WARN__DUPLICATE_METHOD_MATCH = YES;
				COPY_PHASE_STRIP = NO;
				DEBUG_INFORMATION_FORMAT = dwarf;
				ENABLE_STRICT_OBJC_MSGSEND = YES;
				ENABLE_TESTABILITY = YES;
				GCC_C_LANGUAGE_STANDARD = gnu11;
				GCC_DYNAMIC_NO_PIC = NO;
				GCC_NO_COMMON_BLOCKS = YES;
				GCC_OPTIMIZATION_LEVEL = 0;
				GCC_PREPROCESSOR_DEFINITIONS = (
					"DEBUG=1",
					"$(inherited)",
				);
				GCC_WARN_64_TO_32_BIT_CONVERSION = YES;
				GCC_WARN_ABOUT_RETURN_TYPE = YES_ERROR;
				GCC_WARN_UNDECLARED_SELECTOR = YES;
				GCC_WARN_UNINITIALIZED_AUTOS = YES_AGGRESSIVE;
				GCC_WARN_UNUSED_FUNCTION = YES;
				GCC_WARN_UNUSED_VARIABLE = YES;
				IPHONEOS_DEPLOYMENT_TARGET = 13.2;
				MTL_ENABLE_DEBUG_INFO = INCLUDE_SOURCE;
				MTL_FAST_MATH = YES;
				ONLY_ACTIVE_ARCH = YES;
				SDKROOT = iphoneos;
				SWIFT_ACTIVE_COMPILATION_CONDITIONS = DEBUG;
				SWIFT_OPTIMIZATION_LEVEL = "-Onone";
			};
			name = Debug;
		};
		BC2976D0241EAA8500590B50 /* Release */ = {
			isa = XCBuildConfiguration;
			buildSettings = {
				ALWAYS_SEARCH_USER_PATHS = NO;
				CLANG_ANALYZER_NONNULL = YES;
				CLANG_ANALYZER_NUMBER_OBJECT_CONVERSION = YES_AGGRESSIVE;
				CLANG_CXX_LANGUAGE_STANDARD = "gnu++14";
				CLANG_CXX_LIBRARY = "libc++";
				CLANG_ENABLE_MODULES = YES;
				CLANG_ENABLE_OBJC_ARC = YES;
				CLANG_ENABLE_OBJC_WEAK = YES;
				CLANG_WARN_BLOCK_CAPTURE_AUTORELEASING = YES;
				CLANG_WARN_BOOL_CONVERSION = YES;
				CLANG_WARN_COMMA = YES;
				CLANG_WARN_CONSTANT_CONVERSION = YES;
				CLANG_WARN_DEPRECATED_OBJC_IMPLEMENTATIONS = YES;
				CLANG_WARN_DIRECT_OBJC_ISA_USAGE = YES_ERROR;
				CLANG_WARN_DOCUMENTATION_COMMENTS = YES;
				CLANG_WARN_EMPTY_BODY = YES;
				CLANG_WARN_ENUM_CONVERSION = YES;
				CLANG_WARN_INFINITE_RECURSION = YES;
				CLANG_WARN_INT_CONVERSION = YES;
				CLANG_WARN_NON_LITERAL_NULL_CONVERSION = YES;
				CLANG_WARN_OBJC_IMPLICIT_RETAIN_SELF = YES;
				CLANG_WARN_OBJC_LITERAL_CONVERSION = YES;
				CLANG_WARN_OBJC_ROOT_CLASS = YES_ERROR;
				CLANG_WARN_RANGE_LOOP_ANALYSIS = YES;
				CLANG_WARN_STRICT_PROTOTYPES = YES;
				CLANG_WARN_SUSPICIOUS_MOVE = YES;
				CLANG_WARN_UNGUARDED_AVAILABILITY = YES_AGGRESSIVE;
				CLANG_WARN_UNREACHABLE_CODE = YES;
				CLANG_WARN__DUPLICATE_METHOD_MATCH = YES;
				COPY_PHASE_STRIP = NO;
				DEBUG_INFORMATION_FORMAT = "dwarf-with-dsym";
				ENABLE_NS_ASSERTIONS = NO;
				ENABLE_STRICT_OBJC_MSGSEND = YES;
				GCC_C_LANGUAGE_STANDARD = gnu11;
				GCC_NO_COMMON_BLOCKS = YES;
				GCC_WARN_64_TO_32_BIT_CONVERSION = YES;
				GCC_WARN_ABOUT_RETURN_TYPE = YES_ERROR;
				GCC_WARN_UNDECLARED_SELECTOR = YES;
				GCC_WARN_UNINITIALIZED_AUTOS = YES_AGGRESSIVE;
				GCC_WARN_UNUSED_FUNCTION = YES;
				GCC_WARN_UNUSED_VARIABLE = YES;
				IPHONEOS_DEPLOYMENT_TARGET = 13.2;
				MTL_ENABLE_DEBUG_INFO = NO;
				MTL_FAST_MATH = YES;
				SDKROOT = iphoneos;
				SWIFT_COMPILATION_MODE = wholemodule;
				SWIFT_OPTIMIZATION_LEVEL = "-O";
				VALIDATE_PRODUCT = YES;
			};
			name = Release;
		};
		BC2976D2241EAA8500590B50 /* Debug */ = {
			isa = XCBuildConfiguration;
			buildSettings = {
				ASSETCATALOG_COMPILER_APPICON_NAME = AppIcon;
				CODE_SIGN_STYLE = Automatic;
				DEVELOPMENT_TEAM = 7P7K4AZ9WQ;
				INFOPLIST_FILE = MiniXCTest/Info.plist;
				LD_RUNPATH_SEARCH_PATHS = (
					"$(inherited)",
					"@executable_path/Frameworks",
				);
				PRODUCT_BUNDLE_IDENTIFIER = com.syvertsj.MiniXCTest;
				PRODUCT_NAME = "$(TARGET_NAME)";
				SWIFT_VERSION = 5.0;
				TARGETED_DEVICE_FAMILY = "1,2";
			};
			name = Debug;
		};
		BC2976D3241EAA8500590B50 /* Release */ = {
			isa = XCBuildConfiguration;
			buildSettings = {
				ASSETCATALOG_COMPILER_APPICON_NAME = AppIcon;
				CODE_SIGN_STYLE = Automatic;
				DEVELOPMENT_TEAM = 7P7K4AZ9WQ;
				INFOPLIST_FILE = MiniXCTest/Info.plist;
				LD_RUNPATH_SEARCH_PATHS = (
					"$(inherited)",
					"@executable_path/Frameworks",
				);
				PRODUCT_BUNDLE_IDENTIFIER = com.syvertsj.MiniXCTest;
				PRODUCT_NAME = "$(TARGET_NAME)";
				SWIFT_VERSION = 5.0;
				TARGETED_DEVICE_FAMILY = "1,2";
			};
			name = Release;
		};
		BC2976D5241EAA8500590B50 /* Debug */ = {
			isa = XCBuildConfiguration;
			buildSettings = {
				ALWAYS_EMBED_SWIFT_STANDARD_LIBRARIES = YES;
				BUNDLE_LOADER = "$(TEST_HOST)";
				CODE_SIGN_STYLE = Automatic;
				DEVELOPMENT_TEAM = 7P7K4AZ9WQ;
				INFOPLIST_FILE = MiniXCTestTests/Info.plist;
				IPHONEOS_DEPLOYMENT_TARGET = 13.2;
				LD_RUNPATH_SEARCH_PATHS = (
					"$(inherited)",
					"@executable_path/Frameworks",
					"@loader_path/Frameworks",
				);
				PRODUCT_BUNDLE_IDENTIFIER = com.syvertsj.MiniXCTestTests;
				PRODUCT_NAME = "$(TARGET_NAME)";
				SWIFT_VERSION = 5.0;
				TARGETED_DEVICE_FAMILY = "1,2";
				TEST_HOST = "$(BUILT_PRODUCTS_DIR)/MiniXCTest.app/MiniXCTest";
			};
			name = Debug;
		};
		BC2976D6241EAA8500590B50 /* Release */ = {
			isa = XCBuildConfiguration;
			buildSettings = {
				ALWAYS_EMBED_SWIFT_STANDARD_LIBRARIES = YES;
				BUNDLE_LOADER = "$(TEST_HOST)";
				CODE_SIGN_STYLE = Automatic;
				DEVELOPMENT_TEAM = 7P7K4AZ9WQ;
				INFOPLIST_FILE = MiniXCTestTests/Info.plist;
				IPHONEOS_DEPLOYMENT_TARGET = 13.2;
				LD_RUNPATH_SEARCH_PATHS = (
					"$(inherited)",
					"@executable_path/Frameworks",
					"@loader_path/Frameworks",
				);
				PRODUCT_BUNDLE_IDENTIFIER = com.syvertsj.MiniXCTestTests;
				PRODUCT_NAME = "$(TARGET_NAME)";
				SWIFT_VERSION = 5.0;
				TARGETED_DEVICE_FAMILY = "1,2";
				TEST_HOST = "$(BUILT_PRODUCTS_DIR)/MiniXCTest.app/MiniXCTest";
			};
			name = Release;
		};
		BC2976D8241EAA8500590B50 /* Debug */ = {
			isa = XCBuildConfiguration;
			buildSettings = {
				ALWAYS_EMBED_SWIFT_STANDARD_LIBRARIES = YES;
				CODE_SIGN_STYLE = Automatic;
				DEVELOPMENT_TEAM = 7P7K4AZ9WQ;
				INFOPLIST_FILE = MiniXCTestUITests/Info.plist;
				LD_RUNPATH_SEARCH_PATHS = (
					"$(inherited)",
					"@executable_path/Frameworks",
					"@loader_path/Frameworks",
				);
				PRODUCT_BUNDLE_IDENTIFIER = com.syvertsj.MiniXCTestUITests;
				PRODUCT_NAME = "$(TARGET_NAME)";
				SWIFT_VERSION = 5.0;
				TARGETED_DEVICE_FAMILY = "1,2";
				TEST_TARGET_NAME = MiniXCTest;
			};
			name = Debug;
		};
		BC2976D9241EAA8500590B50 /* Release */ = {
			isa = XCBuildConfiguration;
			buildSettings = {
				ALWAYS_EMBED_SWIFT_STANDARD_LIBRARIES = YES;
				CODE_SIGN_STYLE = Automatic;
				DEVELOPMENT_TEAM = 7P7K4AZ9WQ;
				INFOPLIST_FILE = MiniXCTestUITests/Info.plist;
				LD_RUNPATH_SEARCH_PATHS = (
					"$(inherited)",
					"@executable_path/Frameworks",
					"@loader_path/Frameworks",
				);
				PRODUCT_BUNDLE_IDENTIFIER = com.syvertsj.MiniXCTestUITests;
				PRODUCT_NAME = "$(TARGET_NAME)";
				SWIFT_VERSION = 5.0;
				TARGETED_DEVICE_FAMILY = "1,2";
				TEST_TARGET_NAME = MiniXCTest;
			};
			name = Release;
		};
/* End XCBuildConfiguration section */

/* Begin XCConfigurationList section */
		BC2976A2241EAA8200590B50 /* Build configuration list for PBXProject "MiniXCTest" */ = {
			isa = XCConfigurationList;
			buildConfigurations = (
				BC2976CF241EAA8500590B50 /* Debug */,
				BC2976D0241EAA8500590B50 /* Release */,
			);
			defaultConfigurationIsVisible = 0;
			defaultConfigurationName = Release;
		};
		BC2976D1241EAA8500590B50 /* Build configuration list for PBXNativeTarget "MiniXCTest" */ = {
			isa = XCConfigurationList;
			buildConfigurations = (
				BC2976D2241EAA8500590B50 /* Debug */,
				BC2976D3241EAA8500590B50 /* Release */,
			);
			defaultConfigurationIsVisible = 0;
			defaultConfigurationName = Release;
		};
		BC2976D4241EAA8500590B50 /* Build configuration list for PBXNativeTarget "MiniXCTestTests" */ = {
			isa = XCConfigurationList;
			buildConfigurations = (
				BC2976D5241EAA8500590B50 /* Debug */,
				BC2976D6241EAA8500590B50 /* Release */,
			);
			defaultConfigurationIsVisible = 0;
			defaultConfigurationName = Release;
		};
		BC2976D7241EAA8500590B50 /* Build configuration list for PBXNativeTarget "MiniXCTestUITests" */ = {
			isa = XCConfigurationList;
			buildConfigurations = (
				BC2976D8241EAA8500590B50 /* Debug */,
				BC2976D9241EAA8500590B50 /* Release */,
			);
			defaultConfigurationIsVisible = 0;
			defaultConfigurationName = Release;
		};
/* End XCConfigurationList section */
	};
	rootObject = BC29769F241EAA8200590B50 /* Project object */;
}
